// !$*UTF8*$!
{
	archiveVersion = 1;
	classes = {
	};
	objectVersion = 46;
	objects = {

/* Begin PBXBuildFile section */
		F825852717BFE10D00054B21 /* ADLoadingViewCell.xib in Resources */ = {isa = PBXBuildFile; fileRef = F825852417BFE10D00054B21 /* ADLoadingViewCell.xib */; };
		F825852817BFE10D00054B21 /* ADLoadingViewCell.m in Sources */ = {isa = PBXBuildFile; fileRef = F825852617BFE10D00054B21 /* ADLoadingViewCell.m */; };
		F84DD27017BF814B001E57FB /* LocationManager.m in Sources */ = {isa = PBXBuildFile; fileRef = F84DD26F17BF814B001E57FB /* LocationManager.m */; };
		F84DD27317BF8598001E57FB /* ADListCaller.m in Sources */ = {isa = PBXBuildFile; fileRef = F84DD27217BF8598001E57FB /* ADListCaller.m */; };
		F84DD27717BF896D001E57FB /* ADListViewController.m in Sources */ = {isa = PBXBuildFile; fileRef = F84DD27517BF896D001E57FB /* ADListViewController.m */; };
		F84DD27817BF896D001E57FB /* ADListViewController.xib in Resources */ = {isa = PBXBuildFile; fileRef = F84DD27617BF896D001E57FB /* ADListViewController.xib */; };
		F84DD27B17BF8B8F001E57FB /* CoreLocation.framework in Frameworks */ = {isa = PBXBuildFile; fileRef = F84DD27A17BF8B8F001E57FB /* CoreLocation.framework */; };
		F84DD27E17BF8E84001E57FB /* ADItem.m in Sources */ = {isa = PBXBuildFile; fileRef = F84DD27D17BF8E84001E57FB /* ADItem.m */; };
		F84DD28117BF94EC001E57FB /* ADItemCell.m in Sources */ = {isa = PBXBuildFile; fileRef = F84DD28017BF94EC001E57FB /* ADItemCell.m */; };
		F84DD28317BF950F001E57FB /* ADItemCell.xib in Resources */ = {isa = PBXBuildFile; fileRef = F84DD28217BF950F001E57FB /* ADItemCell.xib */; };
		F84DD28717BF9D63001E57FB /* ADDetailViewController.m in Sources */ = {isa = PBXBuildFile; fileRef = F84DD28517BF9D63001E57FB /* ADDetailViewController.m */; };
		F84DD28817BF9D63001E57FB /* ADDetailViewController.xib in Resources */ = {isa = PBXBuildFile; fileRef = F84DD28617BF9D63001E57FB /* ADDetailViewController.xib */; };
		F8596F5E17BFC3B100B31984 /* ic_favo_in.png in Resources */ = {isa = PBXBuildFile; fileRef = F8596F5617BFC3B100B31984 /* ic_favo_in.png */; };
		F8596F5F17BFC3B100B31984 /* ic_favo.png in Resources */ = {isa = PBXBuildFile; fileRef = F8596F5717BFC3B100B31984 /* ic_favo.png */; };
		F8596F6017BFC3B100B31984 /* bg.png in Resources */ = {isa = PBXBuildFile; fileRef = F8596F5817BFC3B100B31984 /* bg.png */; };
		F8596F6117BFC3B100B31984 /* bg@2x.png in Resources */ = {isa = PBXBuildFile; fileRef = F8596F5917BFC3B100B31984 /* bg@2x.png */; };
		F8596F6217BFC3B100B31984 /* white_bg.png in Resources */ = {isa = PBXBuildFile; fileRef = F8596F5A17BFC3B100B31984 /* white_bg.png */; };
		F8596F6317BFC3B100B31984 /* white_bg@2x.png in Resources */ = {isa = PBXBuildFile; fileRef = F8596F5B17BFC3B100B31984 /* white_bg@2x.png */; };
		F8596F6417BFC3B100B31984 /* ic_favo_in@2x.png in Resources */ = {isa = PBXBuildFile; fileRef = F8596F5C17BFC3B100B31984 /* ic_favo_in@2x.png */; };
		F8596F6517BFC3B100B31984 /* ic_favo@2x.png in Resources */ = {isa = PBXBuildFile; fileRef = F8596F5D17BFC3B100B31984 /* ic_favo@2x.png */; };
		F87A39A2178ACB8100E763E5 /* UIKit.framework in Frameworks */ = {isa = PBXBuildFile; fileRef = F87A39A1178ACB8100E763E5 /* UIKit.framework */; };
		F87A39A4178ACB8100E763E5 /* Foundation.framework in Frameworks */ = {isa = PBXBuildFile; fileRef = F87A39A3178ACB8100E763E5 /* Foundation.framework */; };
		F87A39A6178ACB8100E763E5 /* CoreGraphics.framework in Frameworks */ = {isa = PBXBuildFile; fileRef = F87A39A5178ACB8100E763E5 /* CoreGraphics.framework */; };
		F87A39AC178ACB8100E763E5 /* InfoPlist.strings in Resources */ = {isa = PBXBuildFile; fileRef = F87A39AA178ACB8100E763E5 /* InfoPlist.strings */; };
		F87A39AE178ACB8100E763E5 /* main.m in Sources */ = {isa = PBXBuildFile; fileRef = F87A39AD178ACB8100E763E5 /* main.m */; };
		F87A39B2178ACB8100E763E5 /* AppDelegate.m in Sources */ = {isa = PBXBuildFile; fileRef = F87A39B1178ACB8100E763E5 /* AppDelegate.m */; };
		F87A39B4178ACB8100E763E5 /* Default.png in Resources */ = {isa = PBXBuildFile; fileRef = F87A39B3178ACB8100E763E5 /* Default.png */; };
		F87A39B6178ACB8100E763E5 /* Default@2x.png in Resources */ = {isa = PBXBuildFile; fileRef = F87A39B5178ACB8100E763E5 /* Default@2x.png */; };
		F87A39B8178ACB8100E763E5 /* Default-568h@2x.png in Resources */ = {isa = PBXBuildFile; fileRef = F87A39B7178ACB8100E763E5 /* Default-568h@2x.png */; };
		F87A39CC178ACCB900E763E5 /* ADBaseViewController.m in Sources */ = {isa = PBXBuildFile; fileRef = F87A39CA178ACCB900E763E5 /* ADBaseViewController.m */; };
		F87A39E9178ACD2B00E763E5 /* NSObject+SBJSON.m in Sources */ = {isa = PBXBuildFile; fileRef = F87A39D2178ACD2B00E763E5 /* NSObject+SBJSON.m */; settings = {COMPILER_FLAGS = "-fno-objc-arc"; }; };
		F87A39EA178ACD2B00E763E5 /* NSString+SBJSON.m in Sources */ = {isa = PBXBuildFile; fileRef = F87A39D4178ACD2B00E763E5 /* NSString+SBJSON.m */; settings = {COMPILER_FLAGS = "-fno-objc-arc"; }; };
		F87A39EB178ACD2B00E763E5 /* SBJSON.m in Sources */ = {isa = PBXBuildFile; fileRef = F87A39D6178ACD2B00E763E5 /* SBJSON.m */; settings = {COMPILER_FLAGS = "-fno-objc-arc"; }; };
		F87A39EC178ACD2B00E763E5 /* SBJsonBase.m in Sources */ = {isa = PBXBuildFile; fileRef = F87A39D8178ACD2B00E763E5 /* SBJsonBase.m */; settings = {COMPILER_FLAGS = "-fno-objc-arc"; }; };
		F87A39ED178ACD2B00E763E5 /* SBJsonParser.m in Sources */ = {isa = PBXBuildFile; fileRef = F87A39DA178ACD2B00E763E5 /* SBJsonParser.m */; settings = {COMPILER_FLAGS = "-fno-objc-arc"; }; };
		F87A39EE178ACD2B00E763E5 /* SBJsonWriter.m in Sources */ = {isa = PBXBuildFile; fileRef = F87A39DC178ACD2B00E763E5 /* SBJsonWriter.m */; settings = {COMPILER_FLAGS = "-fno-objc-arc"; }; };
		F87A39EF178ACD2B00E763E5 /* NSDate+DateFormatter.m in Sources */ = {isa = PBXBuildFile; fileRef = F87A39DF178ACD2B00E763E5 /* NSDate+DateFormatter.m */; };
		F87A39F0178ACD2B00E763E5 /* NSDictionary+ADAdditions.m in Sources */ = {isa = PBXBuildFile; fileRef = F87A39E0178ACD2B00E763E5 /* NSDictionary+ADAdditions.m */; };
		F87A39F1178ACD2B00E763E5 /* arrow.png in Resources */ = {isa = PBXBuildFile; fileRef = F87A39E2178ACD2B00E763E5 /* arrow.png */; };
		F87A39F2178ACD2B00E763E5 /* arrow@2x.png in Resources */ = {isa = PBXBuildFile; fileRef = F87A39E3178ACD2B00E763E5 /* arrow@2x.png */; };
		F87A39F3178ACD2B00E763E5 /* PullToRefreshView.m in Sources */ = {isa = PBXBuildFile; fileRef = F87A39E5178ACD2B00E763E5 /* PullToRefreshView.m */; };
		F87A39F6178AD28100E763E5 /* QuartzCore.framework in Frameworks */ = {isa = PBXBuildFile; fileRef = F87A39F5178AD28100E763E5 /* QuartzCore.framework */; };
		F87A39F8178AD28700E763E5 /* CFNetwork.framework in Frameworks */ = {isa = PBXBuildFile; fileRef = F87A39F7178AD28700E763E5 /* CFNetwork.framework */; };
		F87A39FA178AD29000E763E5 /* SystemConfiguration.framework in Frameworks */ = {isa = PBXBuildFile; fileRef = F87A39F9178AD29000E763E5 /* SystemConfiguration.framework */; };
		F87A39FC178AD4AC00E763E5 /* MobileCoreServices.framework in Frameworks */ = {isa = PBXBuildFile; fileRef = F87A39FB178AD4AC00E763E5 /* MobileCoreServices.framework */; };
		F87A3A00178AD5D100E763E5 /* MBProgressHUD.m in Sources */ = {isa = PBXBuildFile; fileRef = F87A39FF178AD5D100E763E5 /* MBProgressHUD.m */; };
		F87A3A03178AD6CC00E763E5 /* Reachability.m in Sources */ = {isa = PBXBuildFile; fileRef = F87A3A02178AD6CC00E763E5 /* Reachability.m */; settings = {COMPILER_FLAGS = "-fno-objc-arc"; }; };
		F87A3A06178AD8C000E763E5 /* top_nav.png in Resources */ = {isa = PBXBuildFile; fileRef = F87A3A04178AD8C000E763E5 /* top_nav.png */; };
		F87A3A07178AD8C000E763E5 /* top_nav@2x.png in Resources */ = {isa = PBXBuildFile; fileRef = F87A3A05178AD8C000E763E5 /* top_nav@2x.png */; };
		F87A3A0C178ADA4000E763E5 /* DilnyViewController.m in Sources */ = {isa = PBXBuildFile; fileRef = F87A3A0A178ADA4000E763E5 /* DilnyViewController.m */; };
		F87A3A0D178ADA4000E763E5 /* DilnyViewController.xib in Resources */ = {isa = PBXBuildFile; fileRef = F87A3A0B178ADA4000E763E5 /* DilnyViewController.xib */; };
		F87A3A67178AE6E100E763E5 /* atm.png in Resources */ = {isa = PBXBuildFile; fileRef = F87A3A10178AE6E000E763E5 /* atm.png */; };
		F87A3A68178AE6E100E763E5 /* balloon_overlay_bg_selector.xml in Resources */ = {isa = PBXBuildFile; fileRef = F87A3A11178AE6E000E763E5 /* balloon_overlay_bg_selector.xml */; };
		F87A3A69178AE6E100E763E5 /* bank.png in Resources */ = {isa = PBXBuildFile; fileRef = F87A3A12178AE6E000E763E5 /* bank.png */; };
		F87A3A6A178AE6E100E763E5 /* bg_striped.xml in Resources */ = {isa = PBXBuildFile; fileRef = F87A3A13178AE6E000E763E5 /* bg_striped.xml */; };
		F87A3A6B178AE6E100E763E5 /* bg_striped_split.xml in Resources */ = {isa = PBXBuildFile; fileRef = F87A3A14178AE6E000E763E5 /* bg_striped_split.xml */; };
		F87A3A6C178AE6E100E763E5 /* car.png in Resources */ = {isa = PBXBuildFile; fileRef = F87A3A15178AE6E000E763E5 /* car.png */; };
		F87A3A6D178AE6E100E763E5 /* carrental.png in Resources */ = {isa = PBXBuildFile; fileRef = F87A3A16178AE6E000E763E5 /* carrental.png */; };
		F87A3A6E178AE6E100E763E5 /* coffee.png in Resources */ = {isa = PBXBuildFile; fileRef = F87A3A17178AE6E000E763E5 /* coffee.png */; };
		F87A3A6F178AE6E100E763E5 /* diving.png in Resources */ = {isa = PBXBuildFile; fileRef = F87A3A18178AE6E000E763E5 /* diving.png */; };
		F87A3A70178AE6E100E763E5 /* doctor.png in Resources */ = {isa = PBXBuildFile; fileRef = F87A3A19178AE6E000E763E5 /* doctor.png */; };
		F87A3A71178AE6E100E763E5 /* gazstation.png in Resources */ = {isa = PBXBuildFile; fileRef = F87A3A1A178AE6E000E763E5 /* gazstation.png */; };
		F87A3A72178AE6E100E763E5 /* hotel.png in Resources */ = {isa = PBXBuildFile; fileRef = F87A3A1B178AE6E000E763E5 /* hotel.png */; };
		F87A3A73178AE6E100E763E5 /* hotel4stars.png in Resources */ = {isa = PBXBuildFile; fileRef = F87A3A1C178AE6E000E763E5 /* hotel4stars.png */; };
		F87A3A74178AE6E100E763E5 /* hunting.png in Resources */ = {isa = PBXBuildFile; fileRef = F87A3A1D178AE6E000E763E5 /* hunting.png */; };
		F87A3A75178AE6E100E763E5 /* ic_launcher.png in Resources */ = {isa = PBXBuildFile; fileRef = F87A3A1E178AE6E000E763E5 /* ic_launcher.png */; };
		F87A3A76178AE6E100E763E5 /* iwaseet.ipa in Resources */ = {isa = PBXBuildFile; fileRef = F87A3A1F178AE6E000E763E5 /* iwaseet.ipa */; };
		F87A3A77178AE6E100E763E5 /* out.png in Resources */ = {isa = PBXBuildFile; fileRef = F87A3A20178AE6E000E763E5 /* out.png */; };
		F87A3A78178AE6E100E763E5 /* personalwatercraft.png in Resources */ = {isa = PBXBuildFile; fileRef = F87A3A21178AE6E000E763E5 /* personalwatercraft.png */; };
		F87A3A79178AE6E100E763E5 /* restaurant.png in Resources */ = {isa = PBXBuildFile; fileRef = F87A3A22178AE6E000E763E5 /* restaurant.png */; };
		F87A3A7A178AE6E100E763E5 /* restaurantitalian.png in Resources */ = {isa = PBXBuildFile; fileRef = F87A3A23178AE6E000E763E5 /* restaurantitalian.png */; };
		F87A3A7B178AE6E100E763E5 /* supermarket.png in Resources */ = {isa = PBXBuildFile; fileRef = F87A3A24178AE6E000E763E5 /* supermarket.png */; };
		F87A3A7F178AE6E100E763E5 /* balloon_disclosure.png in Resources */ = {isa = PBXBuildFile; fileRef = F87A3A29178AE6E100E763E5 /* balloon_disclosure.png */; };
		F87A3A80178AE6E100E763E5 /* balloon_overlay_close.png in Resources */ = {isa = PBXBuildFile; fileRef = F87A3A2A178AE6E100E763E5 /* balloon_overlay_close.png */; };
		F87A3A81178AE6E100E763E5 /* balloon_overlay_focused.9.png in Resources */ = {isa = PBXBuildFile; fileRef = F87A3A2B178AE6E100E763E5 /* balloon_overlay_focused.9.png */; };
		F87A3A82178AE6E100E763E5 /* balloon_overlay_unfocused.9.png in Resources */ = {isa = PBXBuildFile; fileRef = F87A3A2C178AE6E100E763E5 /* balloon_overlay_unfocused.9.png */; };
		F87A3A83178AE6E100E763E5 /* bg_striped_img.png in Resources */ = {isa = PBXBuildFile; fileRef = F87A3A2D178AE6E100E763E5 /* bg_striped_img.png */; };
		F87A3A84178AE6E100E763E5 /* bg_striped_split_img.png in Resources */ = {isa = PBXBuildFile; fileRef = F87A3A2E178AE6E100E763E5 /* bg_striped_split_img.png */; };
		F87A3A86178AE6E100E763E5 /* ic_call.png in Resources */ = {isa = PBXBuildFile; fileRef = F87A3A30178AE6E100E763E5 /* ic_call.png */; };
		F87A3A87178AE6E100E763E5 /* ic_current_location.png in Resources */ = {isa = PBXBuildFile; fileRef = F87A3A31178AE6E100E763E5 /* ic_current_location.png */; };
		F87A3A88178AE6E100E763E5 /* ic_done.png in Resources */ = {isa = PBXBuildFile; fileRef = F87A3A32178AE6E100E763E5 /* ic_done.png */; };
		F87A3A89178AE6E100E763E5 /* ic_error.png in Resources */ = {isa = PBXBuildFile; fileRef = F87A3A33178AE6E100E763E5 /* ic_error.png */; };
		F87A3A8C178AE6E100E763E5 /* ic_google_maps.png in Resources */ = {isa = PBXBuildFile; fileRef = F87A3A36178AE6E100E763E5 /* ic_google_maps.png */; };
		F87A3A8D178AE6E100E763E5 /* ic_launcher.png in Resources */ = {isa = PBXBuildFile; fileRef = F87A3A37178AE6E100E763E5 /* ic_launcher.png */; };
		F87A3A8E178AE6E100E763E5 /* ic_location.png in Resources */ = {isa = PBXBuildFile; fileRef = F87A3A38178AE6E100E763E5 /* ic_location.png */; };
		F87A3A8F178AE6E100E763E5 /* ic_map.png in Resources */ = {isa = PBXBuildFile; fileRef = F87A3A39178AE6E100E763E5 /* ic_map.png */; };
		F87A3A90178AE6E100E763E5 /* ic_map_inverse.png in Resources */ = {isa = PBXBuildFile; fileRef = F87A3A3A178AE6E100E763E5 /* ic_map_inverse.png */; };
		F87A3A91178AE6E100E763E5 /* ic_refresh.png in Resources */ = {isa = PBXBuildFile; fileRef = F87A3A3B178AE6E100E763E5 /* ic_refresh.png */; };
		F87A3A92178AE6E100E763E5 /* ic_refresh_inverse.png in Resources */ = {isa = PBXBuildFile; fileRef = F87A3A3C178AE6E100E763E5 /* ic_refresh_inverse.png */; };
		F87A3A93178AE6E100E763E5 /* ic_search.png in Resources */ = {isa = PBXBuildFile; fileRef = F87A3A3D178AE6E100E763E5 /* ic_search.png */; };
		F87A3A94178AE6E100E763E5 /* ic_search_inverse.png in Resources */ = {isa = PBXBuildFile; fileRef = F87A3A3E178AE6E100E763E5 /* ic_search_inverse.png */; };
		F87A3A95178AE6E100E763E5 /* ic_share.jpeg in Resources */ = {isa = PBXBuildFile; fileRef = F87A3A3F178AE6E100E763E5 /* ic_share.jpeg */; };
		F87A3A96178AE6E100E763E5 /* ic_sigin.png in Resources */ = {isa = PBXBuildFile; fileRef = F87A3A40178AE6E100E763E5 /* ic_sigin.png */; };
		F87A3A97178AE6E100E763E5 /* icon1.png in Resources */ = {isa = PBXBuildFile; fileRef = F87A3A41178AE6E100E763E5 /* icon1.png */; };
		F87A3A98178AE6E100E763E5 /* icon1_in.png in Resources */ = {isa = PBXBuildFile; fileRef = F87A3A42178AE6E100E763E5 /* icon1_in.png */; };
		F87A3A99178AE6E100E763E5 /* icon2.png in Resources */ = {isa = PBXBuildFile; fileRef = F87A3A43178AE6E100E763E5 /* icon2.png */; };
		F87A3A9A178AE6E100E763E5 /* icon2_in.png in Resources */ = {isa = PBXBuildFile; fileRef = F87A3A44178AE6E100E763E5 /* icon2_in.png */; };
		F87A3A9B178AE6E100E763E5 /* icon3.png in Resources */ = {isa = PBXBuildFile; fileRef = F87A3A45178AE6E100E763E5 /* icon3.png */; };
		F87A3A9C178AE6E100E763E5 /* icon3_in.png in Resources */ = {isa = PBXBuildFile; fileRef = F87A3A46178AE6E100E763E5 /* icon3_in.png */; };
		F87A3A9D178AE6E100E763E5 /* icon4.png in Resources */ = {isa = PBXBuildFile; fileRef = F87A3A47178AE6E100E763E5 /* icon4.png */; };
		F87A3A9E178AE6E100E763E5 /* icon4_in.png in Resources */ = {isa = PBXBuildFile; fileRef = F87A3A48178AE6E100E763E5 /* icon4_in.png */; };
		F87A3A9F178AE6E100E763E5 /* info.png in Resources */ = {isa = PBXBuildFile; fileRef = F87A3A49178AE6E100E763E5 /* info.png */; };
		F87A3AA0178AE6E100E763E5 /* info_in.png in Resources */ = {isa = PBXBuildFile; fileRef = F87A3A4A178AE6E100E763E5 /* info_in.png */; };
		F87A3AA2178AE6E100E763E5 /* marker_current.png in Resources */ = {isa = PBXBuildFile; fileRef = F87A3A4C178AE6E100E763E5 /* marker_current.png */; };
		F87A3AA3178AE6E100E763E5 /* marker_place.png in Resources */ = {isa = PBXBuildFile; fileRef = F87A3A4D178AE6E100E763E5 /* marker_place.png */; };
		F87A3AA5178AE6E100E763E5 /* splash.png in Resources */ = {isa = PBXBuildFile; fileRef = F87A3A4F178AE6E100E763E5 /* splash.png */; };
		F87A3AA6178AE6E100E763E5 /* yahia.png in Resources */ = {isa = PBXBuildFile; fileRef = F87A3A50178AE6E100E763E5 /* yahia.png */; };
		F87A3AA7178AE6E100E763E5 /* ic_launcher.png in Resources */ = {isa = PBXBuildFile; fileRef = F87A3A52178AE6E100E763E5 /* ic_launcher.png */; };
		F87A3AA8178AE6E100E763E5 /* bg_striped_img.png in Resources */ = {isa = PBXBuildFile; fileRef = F87A3A54178AE6E100E763E5 /* bg_striped_img.png */; };
		F87A3AA9178AE6E100E763E5 /* bg_striped_split_img.png in Resources */ = {isa = PBXBuildFile; fileRef = F87A3A55178AE6E100E763E5 /* bg_striped_split_img.png */; };
		F87A3AAA178AE6E100E763E5 /* ic_call.png in Resources */ = {isa = PBXBuildFile; fileRef = F87A3A56178AE6E100E763E5 /* ic_call.png */; };
		F87A3AAB178AE6E100E763E5 /* ic_done.png in Resources */ = {isa = PBXBuildFile; fileRef = F87A3A57178AE6E100E763E5 /* ic_done.png */; };
		F87A3AAC178AE6E100E763E5 /* ic_error.png in Resources */ = {isa = PBXBuildFile; fileRef = F87A3A58178AE6E100E763E5 /* ic_error.png */; };
		F87A3AAD178AE6E100E763E5 /* ic_favo27px.png in Resources */ = {isa = PBXBuildFile; fileRef = F87A3A59178AE6E100E763E5 /* ic_favo27px.png */; };
		F87A3AAE178AE6E100E763E5 /* ic_favo_in27px.png in Resources */ = {isa = PBXBuildFile; fileRef = F87A3A5A178AE6E100E763E5 /* ic_favo_in27px.png */; };
		F87A3AAF178AE6E100E763E5 /* ic_google_maps.png in Resources */ = {isa = PBXBuildFile; fileRef = F87A3A5B178AE6E100E763E5 /* ic_google_maps.png */; };
		F87A3AB0178AE6E100E763E5 /* ic_launcher.png in Resources */ = {isa = PBXBuildFile; fileRef = F87A3A5C178AE6E100E763E5 /* ic_launcher.png */; };
		F87A3AB1178AE6E100E763E5 /* ic_location.png in Resources */ = {isa = PBXBuildFile; fileRef = F87A3A5D178AE6E100E763E5 /* ic_location.png */; };
		F87A3AB2178AE6E100E763E5 /* ic_refresh.png in Resources */ = {isa = PBXBuildFile; fileRef = F87A3A5E178AE6E100E763E5 /* ic_refresh.png */; };
		F87A3AB3178AE6E100E763E5 /* ic_refresh_inverse.png in Resources */ = {isa = PBXBuildFile; fileRef = F87A3A5F178AE6E100E763E5 /* ic_refresh_inverse.png */; };
		F87A3AB4178AE6E100E763E5 /* ic_search.png in Resources */ = {isa = PBXBuildFile; fileRef = F87A3A60178AE6E100E763E5 /* ic_search.png */; };
		F87A3AB5178AE6E100E763E5 /* ic_search_inverse.png in Resources */ = {isa = PBXBuildFile; fileRef = F87A3A61178AE6E100E763E5 /* ic_search_inverse.png */; };
		F87A3AB6178AE6E100E763E5 /* ic_share.jpeg in Resources */ = {isa = PBXBuildFile; fileRef = F87A3A62178AE6E100E763E5 /* ic_share.jpeg */; };
		F87A3AB7178AE6E100E763E5 /* ic_sigin.png in Resources */ = {isa = PBXBuildFile; fileRef = F87A3A63178AE6E100E763E5 /* ic_sigin.png */; };
		F87A3AB8178AE6E100E763E5 /* ic_signup.gif in Resources */ = {isa = PBXBuildFile; fileRef = F87A3A64178AE6E100E763E5 /* ic_signup.gif */; };
		F88162F117BF4529007F3AE9 /* AFHTTPClient.m in Sources */ = {isa = PBXBuildFile; fileRef = F88162DF17BF4529007F3AE9 /* AFHTTPClient.m */; };
		F88162F217BF4529007F3AE9 /* AFHTTPRequestOperation.m in Sources */ = {isa = PBXBuildFile; fileRef = F88162E117BF4529007F3AE9 /* AFHTTPRequestOperation.m */; };
		F88162F317BF4529007F3AE9 /* AFImageRequestOperation.m in Sources */ = {isa = PBXBuildFile; fileRef = F88162E317BF4529007F3AE9 /* AFImageRequestOperation.m */; };
		F88162F417BF4529007F3AE9 /* AFJSONRequestOperation.m in Sources */ = {isa = PBXBuildFile; fileRef = F88162E517BF4529007F3AE9 /* AFJSONRequestOperation.m */; };
		F88162F517BF4529007F3AE9 /* AFNetworkActivityIndicatorManager.m in Sources */ = {isa = PBXBuildFile; fileRef = F88162E717BF4529007F3AE9 /* AFNetworkActivityIndicatorManager.m */; };
		F88162F617BF4529007F3AE9 /* AFPropertyListRequestOperation.m in Sources */ = {isa = PBXBuildFile; fileRef = F88162EA17BF4529007F3AE9 /* AFPropertyListRequestOperation.m */; };
		F88162F717BF4529007F3AE9 /* AFURLConnectionOperation.m in Sources */ = {isa = PBXBuildFile; fileRef = F88162EC17BF4529007F3AE9 /* AFURLConnectionOperation.m */; };
		F88162F817BF4529007F3AE9 /* AFXMLRequestOperation.m in Sources */ = {isa = PBXBuildFile; fileRef = F88162EE17BF4529007F3AE9 /* AFXMLRequestOperation.m */; };
		F88162F917BF4529007F3AE9 /* UIImageView+AFNetworking.m in Sources */ = {isa = PBXBuildFile; fileRef = F88162F017BF4529007F3AE9 /* UIImageView+AFNetworking.m */; };
		F88162FC17BF47E1007F3AE9 /* ADBaseCaller.m in Sources */ = {isa = PBXBuildFile; fileRef = F88162FB17BF47E1007F3AE9 /* ADBaseCaller.m */; };
		F88162FF17BF4959007F3AE9 /* ADCategoryCaller.m in Sources */ = {isa = PBXBuildFile; fileRef = F88162FE17BF4959007F3AE9 /* ADCategoryCaller.m */; };
		F881630317BF4B2E007F3AE9 /* ADCategoryViewController.m in Sources */ = {isa = PBXBuildFile; fileRef = F881630117BF4B2E007F3AE9 /* ADCategoryViewController.m */; };
		F881630417BF4B2E007F3AE9 /* ADCategoryViewController.xib in Resources */ = {isa = PBXBuildFile; fileRef = F881630217BF4B2E007F3AE9 /* ADCategoryViewController.xib */; };
		F881630717BF4C7A007F3AE9 /* Security.framework in Frameworks */ = {isa = PBXBuildFile; fileRef = F881630617BF4C7A007F3AE9 /* Security.framework */; };
		F881630A17BF4E36007F3AE9 /* ADCategory.m in Sources */ = {isa = PBXBuildFile; fileRef = F881630917BF4E36007F3AE9 /* ADCategory.m */; };
		F881630E17BF56B9007F3AE9 /* ADCategoryCell.m in Sources */ = {isa = PBXBuildFile; fileRef = F881630D17BF56B9007F3AE9 /* ADCategoryCell.m */; };
		F881631017BF56CA007F3AE9 /* ADCategoryCell.xib in Resources */ = {isa = PBXBuildFile; fileRef = F881630F17BF56CA007F3AE9 /* ADCategoryCell.xib */; };
		F881631617BF5771007F3AE9 /* AsyncImageView.m in Sources */ = {isa = PBXBuildFile; fileRef = F881631317BF5771007F3AE9 /* AsyncImageView.m */; };
		F881631717BF5771007F3AE9 /* UIImage+Resize.m in Sources */ = {isa = PBXBuildFile; fileRef = F881631517BF5771007F3AE9 /* UIImage+Resize.m */; };
		F8B3D6AB17D028C300DA5FE6 /* ADAboutViewController.m in Sources */ = {isa = PBXBuildFile; fileRef = F8B3D6A917D028C300DA5FE6 /* ADAboutViewController.m */; };
		F8B3D6AC17D028C300DA5FE6 /* ADAboutViewController.xib in Resources */ = {isa = PBXBuildFile; fileRef = F8B3D6AA17D028C300DA5FE6 /* ADAboutViewController.xib */; };
		F8B3D6BA17D02DD000DA5FE6 /* about_app_face.png in Resources */ = {isa = PBXBuildFile; fileRef = F8B3D6AE17D02DCE00DA5FE6 /* about_app_face.png */; };
		F8B3D6BB17D02DD000DA5FE6 /* about_app_twitter.png in Resources */ = {isa = PBXBuildFile; fileRef = F8B3D6AF17D02DCE00DA5FE6 /* about_app_twitter.png */; };
		F8B3D6BC17D02DD000DA5FE6 /* about_app.png in Resources */ = {isa = PBXBuildFile; fileRef = F8B3D6B017D02DCE00DA5FE6 /* about_app.png */; };
		F8B3D6BD17D02DD000DA5FE6 /* etqan_site_image.png in Resources */ = {isa = PBXBuildFile; fileRef = F8B3D6B117D02DCE00DA5FE6 /* etqan_site_image.png */; };
		F8B3D6BE17D02DD000DA5FE6 /* mail.png in Resources */ = {isa = PBXBuildFile; fileRef = F8B3D6B217D02DCF00DA5FE6 /* mail.png */; };
		F8B3D6BF17D02DD000DA5FE6 /* site.png in Resources */ = {isa = PBXBuildFile; fileRef = F8B3D6B317D02DCF00DA5FE6 /* site.png */; };
		F8B3D6C017D02DD000DA5FE6 /* etqan_site_image@2x.png in Resources */ = {isa = PBXBuildFile; fileRef = F8B3D6B417D02DCF00DA5FE6 /* etqan_site_image@2x.png */; };
		F8B3D6C117D02DD000DA5FE6 /* about_app@2x.png in Resources */ = {isa = PBXBuildFile; fileRef = F8B3D6B517D02DCF00DA5FE6 /* about_app@2x.png */; };
		F8B3D6C217D02DD000DA5FE6 /* mail@2x.png in Resources */ = {isa = PBXBuildFile; fileRef = F8B3D6B617D02DD000DA5FE6 /* mail@2x.png */; };
		F8B3D6C317D02DD000DA5FE6 /* about_app_twitter@2x.png in Resources */ = {isa = PBXBuildFile; fileRef = F8B3D6B717D02DD000DA5FE6 /* about_app_twitter@2x.png */; };
		F8B3D6C417D02DD000DA5FE6 /* about_app_face@2x.png in Resources */ = {isa = PBXBuildFile; fileRef = F8B3D6B817D02DD000DA5FE6 /* about_app_face@2x.png */; };
		F8B3D6C517D02DD000DA5FE6 /* site@2x.png in Resources */ = {isa = PBXBuildFile; fileRef = F8B3D6B917D02DD000DA5FE6 /* site@2x.png */; };
		F8B3D6C717D02FCB00DA5FE6 /* MessageUI.framework in Frameworks */ = {isa = PBXBuildFile; fileRef = F8B3D6C617D02FCA00DA5FE6 /* MessageUI.framework */; };
		F8B3D6CB17D032D000DA5FE6 /* ADWebViewController.xib in Resources */ = {isa = PBXBuildFile; fileRef = F8B3D6C817D032D000DA5FE6 /* ADWebViewController.xib */; };
		F8B3D6CC17D032D000DA5FE6 /* ADWebViewController.m in Sources */ = {isa = PBXBuildFile; fileRef = F8B3D6C917D032D000DA5FE6 /* ADWebViewController.m */; };
		F8B3D6CF17D0340800DA5FE6 /* back.png in Resources */ = {isa = PBXBuildFile; fileRef = F8B3D6CE17D0340700DA5FE6 /* back.png */; };
/* End PBXBuildFile section */

/* Begin PBXFileReference section */
		F825852417BFE10D00054B21 /* ADLoadingViewCell.xib */ = {isa = PBXFileReference; fileEncoding = 4; lastKnownFileType = file.xib; path = ADLoadingViewCell.xib; sourceTree = "<group>"; };
		F825852517BFE10D00054B21 /* ADLoadingViewCell.h */ = {isa = PBXFileReference; fileEncoding = 4; lastKnownFileType = sourcecode.c.h; path = ADLoadingViewCell.h; sourceTree = "<group>"; };
		F825852617BFE10D00054B21 /* ADLoadingViewCell.m */ = {isa = PBXFileReference; fileEncoding = 4; lastKnownFileType = sourcecode.c.objc; path = ADLoadingViewCell.m; sourceTree = "<group>"; };
		F84DD26E17BF814B001E57FB /* LocationManager.h */ = {isa = PBXFileReference; fileEncoding = 4; lastKnownFileType = sourcecode.c.h; path = LocationManager.h; sourceTree = "<group>"; };
		F84DD26F17BF814B001E57FB /* LocationManager.m */ = {isa = PBXFileReference; fileEncoding = 4; lastKnownFileType = sourcecode.c.objc; path = LocationManager.m; sourceTree = "<group>"; };
		F84DD27117BF8598001E57FB /* ADListCaller.h */ = {isa = PBXFileReference; fileEncoding = 4; lastKnownFileType = sourcecode.c.h; path = ADListCaller.h; sourceTree = "<group>"; };
		F84DD27217BF8598001E57FB /* ADListCaller.m */ = {isa = PBXFileReference; fileEncoding = 4; lastKnownFileType = sourcecode.c.objc; path = ADListCaller.m; sourceTree = "<group>"; };
		F84DD27417BF896D001E57FB /* ADListViewController.h */ = {isa = PBXFileReference; fileEncoding = 4; lastKnownFileType = sourcecode.c.h; path = ADListViewController.h; sourceTree = "<group>"; };
		F84DD27517BF896D001E57FB /* ADListViewController.m */ = {isa = PBXFileReference; fileEncoding = 4; lastKnownFileType = sourcecode.c.objc; path = ADListViewController.m; sourceTree = "<group>"; };
		F84DD27617BF896D001E57FB /* ADListViewController.xib */ = {isa = PBXFileReference; fileEncoding = 4; lastKnownFileType = file.xib; path = ADListViewController.xib; sourceTree = "<group>"; };
		F84DD27A17BF8B8F001E57FB /* CoreLocation.framework */ = {isa = PBXFileReference; lastKnownFileType = wrapper.framework; name = CoreLocation.framework; path = System/Library/Frameworks/CoreLocation.framework; sourceTree = SDKROOT; };
		F84DD27C17BF8E84001E57FB /* ADItem.h */ = {isa = PBXFileReference; fileEncoding = 4; lastKnownFileType = sourcecode.c.h; path = ADItem.h; sourceTree = "<group>"; };
		F84DD27D17BF8E84001E57FB /* ADItem.m */ = {isa = PBXFileReference; fileEncoding = 4; lastKnownFileType = sourcecode.c.objc; path = ADItem.m; sourceTree = "<group>"; };
		F84DD27F17BF94EC001E57FB /* ADItemCell.h */ = {isa = PBXFileReference; fileEncoding = 4; lastKnownFileType = sourcecode.c.h; path = ADItemCell.h; sourceTree = "<group>"; };
		F84DD28017BF94EC001E57FB /* ADItemCell.m */ = {isa = PBXFileReference; fileEncoding = 4; lastKnownFileType = sourcecode.c.objc; path = ADItemCell.m; sourceTree = "<group>"; };
		F84DD28217BF950F001E57FB /* ADItemCell.xib */ = {isa = PBXFileReference; fileEncoding = 4; lastKnownFileType = file.xib; path = ADItemCell.xib; sourceTree = "<group>"; };
		F84DD28417BF9D63001E57FB /* ADDetailViewController.h */ = {isa = PBXFileReference; fileEncoding = 4; lastKnownFileType = sourcecode.c.h; path = ADDetailViewController.h; sourceTree = "<group>"; };
		F84DD28517BF9D63001E57FB /* ADDetailViewController.m */ = {isa = PBXFileReference; fileEncoding = 4; lastKnownFileType = sourcecode.c.objc; path = ADDetailViewController.m; sourceTree = "<group>"; };
		F84DD28617BF9D63001E57FB /* ADDetailViewController.xib */ = {isa = PBXFileReference; fileEncoding = 4; lastKnownFileType = file.xib; path = ADDetailViewController.xib; sourceTree = "<group>"; };
		F8596F5617BFC3B100B31984 /* ic_favo_in.png */ = {isa = PBXFileReference; lastKnownFileType = image.png; path = ic_favo_in.png; sourceTree = "<group>"; };
		F8596F5717BFC3B100B31984 /* ic_favo.png */ = {isa = PBXFileReference; lastKnownFileType = image.png; path = ic_favo.png; sourceTree = "<group>"; };
		F8596F5817BFC3B100B31984 /* bg.png */ = {isa = PBXFileReference; lastKnownFileType = image.png; path = bg.png; sourceTree = "<group>"; };
		F8596F5917BFC3B100B31984 /* bg@2x.png */ = {isa = PBXFileReference; lastKnownFileType = image.png; path = "bg@2x.png"; sourceTree = "<group>"; };
		F8596F5A17BFC3B100B31984 /* white_bg.png */ = {isa = PBXFileReference; lastKnownFileType = image.png; path = white_bg.png; sourceTree = "<group>"; };
		F8596F5B17BFC3B100B31984 /* white_bg@2x.png */ = {isa = PBXFileReference; lastKnownFileType = image.png; path = "white_bg@2x.png"; sourceTree = "<group>"; };
		F8596F5C17BFC3B100B31984 /* ic_favo_in@2x.png */ = {isa = PBXFileReference; lastKnownFileType = image.png; path = "ic_favo_in@2x.png"; sourceTree = "<group>"; };
		F8596F5D17BFC3B100B31984 /* ic_favo@2x.png */ = {isa = PBXFileReference; lastKnownFileType = image.png; path = "ic_favo@2x.png"; sourceTree = "<group>"; };
		F87A399E178ACB8100E763E5 /* Dilny.app */ = {isa = PBXFileReference; explicitFileType = wrapper.application; includeInIndex = 0; path = Dilny.app; sourceTree = BUILT_PRODUCTS_DIR; };
		F87A39A1178ACB8100E763E5 /* UIKit.framework */ = {isa = PBXFileReference; lastKnownFileType = wrapper.framework; name = UIKit.framework; path = System/Library/Frameworks/UIKit.framework; sourceTree = SDKROOT; };
		F87A39A3178ACB8100E763E5 /* Foundation.framework */ = {isa = PBXFileReference; lastKnownFileType = wrapper.framework; name = Foundation.framework; path = System/Library/Frameworks/Foundation.framework; sourceTree = SDKROOT; };
		F87A39A5178ACB8100E763E5 /* CoreGraphics.framework */ = {isa = PBXFileReference; lastKnownFileType = wrapper.framework; name = CoreGraphics.framework; path = System/Library/Frameworks/CoreGraphics.framework; sourceTree = SDKROOT; };
		F87A39A9178ACB8100E763E5 /* Dilny-Info.plist */ = {isa = PBXFileReference; lastKnownFileType = text.plist.xml; path = "Dilny-Info.plist"; sourceTree = "<group>"; };
		F87A39AB178ACB8100E763E5 /* en */ = {isa = PBXFileReference; lastKnownFileType = text.plist.strings; name = en; path = en.lproj/InfoPlist.strings; sourceTree = "<group>"; };
		F87A39AD178ACB8100E763E5 /* main.m */ = {isa = PBXFileReference; lastKnownFileType = sourcecode.c.objc; path = main.m; sourceTree = "<group>"; };
		F87A39AF178ACB8100E763E5 /* Dilny-Prefix.pch */ = {isa = PBXFileReference; lastKnownFileType = sourcecode.c.h; path = "Dilny-Prefix.pch"; sourceTree = "<group>"; };
		F87A39B0178ACB8100E763E5 /* AppDelegate.h */ = {isa = PBXFileReference; lastKnownFileType = sourcecode.c.h; path = AppDelegate.h; sourceTree = "<group>"; };
		F87A39B1178ACB8100E763E5 /* AppDelegate.m */ = {isa = PBXFileReference; lastKnownFileType = sourcecode.c.objc; path = AppDelegate.m; sourceTree = "<group>"; };
		F87A39B3178ACB8100E763E5 /* Default.png */ = {isa = PBXFileReference; lastKnownFileType = image.png; path = Default.png; sourceTree = "<group>"; };
		F87A39B5178ACB8100E763E5 /* Default@2x.png */ = {isa = PBXFileReference; lastKnownFileType = image.png; path = "Default@2x.png"; sourceTree = "<group>"; };
		F87A39B7178ACB8100E763E5 /* Default-568h@2x.png */ = {isa = PBXFileReference; lastKnownFileType = image.png; path = "Default-568h@2x.png"; sourceTree = "<group>"; };
		F87A39CA178ACCB900E763E5 /* ADBaseViewController.m */ = {isa = PBXFileReference; fileEncoding = 4; lastKnownFileType = sourcecode.c.objc; path = ADBaseViewController.m; sourceTree = "<group>"; };
		F87A39CB178ACCB900E763E5 /* ADBaseViewController.h */ = {isa = PBXFileReference; fileEncoding = 4; lastKnownFileType = sourcecode.c.h; path = ADBaseViewController.h; sourceTree = "<group>"; };
		F87A39CD178ACD2B00E763E5 /* NSDictionary+ADAdditions.h */ = {isa = PBXFileReference; fileEncoding = 4; lastKnownFileType = sourcecode.c.h; path = "NSDictionary+ADAdditions.h"; sourceTree = "<group>"; };
		F87A39CE178ACD2B00E763E5 /* Constant.h */ = {isa = PBXFileReference; fileEncoding = 4; lastKnownFileType = sourcecode.c.h; name = Constant.h; path = "Other Resources/Constant.h"; sourceTree = "<group>"; };
		F87A39D0178ACD2B00E763E5 /* JSON.h */ = {isa = PBXFileReference; fileEncoding = 4; lastKnownFileType = sourcecode.c.h; path = JSON.h; sourceTree = "<group>"; };
		F87A39D1178ACD2B00E763E5 /* NSObject+SBJSON.h */ = {isa = PBXFileReference; fileEncoding = 4; lastKnownFileType = sourcecode.c.h; path = "NSObject+SBJSON.h"; sourceTree = "<group>"; };
		F87A39D2178ACD2B00E763E5 /* NSObject+SBJSON.m */ = {isa = PBXFileReference; fileEncoding = 4; lastKnownFileType = sourcecode.c.objc; path = "NSObject+SBJSON.m"; sourceTree = "<group>"; };
		F87A39D3178ACD2B00E763E5 /* NSString+SBJSON.h */ = {isa = PBXFileReference; fileEncoding = 4; lastKnownFileType = sourcecode.c.h; path = "NSString+SBJSON.h"; sourceTree = "<group>"; };
		F87A39D4178ACD2B00E763E5 /* NSString+SBJSON.m */ = {isa = PBXFileReference; fileEncoding = 4; lastKnownFileType = sourcecode.c.objc; path = "NSString+SBJSON.m"; sourceTree = "<group>"; };
		F87A39D5178ACD2B00E763E5 /* SBJSON.h */ = {isa = PBXFileReference; fileEncoding = 4; lastKnownFileType = sourcecode.c.h; path = SBJSON.h; sourceTree = "<group>"; };
		F87A39D6178ACD2B00E763E5 /* SBJSON.m */ = {isa = PBXFileReference; fileEncoding = 4; lastKnownFileType = sourcecode.c.objc; path = SBJSON.m; sourceTree = "<group>"; };
		F87A39D7178ACD2B00E763E5 /* SBJsonBase.h */ = {isa = PBXFileReference; fileEncoding = 4; lastKnownFileType = sourcecode.c.h; path = SBJsonBase.h; sourceTree = "<group>"; };
		F87A39D8178ACD2B00E763E5 /* SBJsonBase.m */ = {isa = PBXFileReference; fileEncoding = 4; lastKnownFileType = sourcecode.c.objc; path = SBJsonBase.m; sourceTree = "<group>"; };
		F87A39D9178ACD2B00E763E5 /* SBJsonParser.h */ = {isa = PBXFileReference; fileEncoding = 4; lastKnownFileType = sourcecode.c.h; path = SBJsonParser.h; sourceTree = "<group>"; };
		F87A39DA178ACD2B00E763E5 /* SBJsonParser.m */ = {isa = PBXFileReference; fileEncoding = 4; lastKnownFileType = sourcecode.c.objc; path = SBJsonParser.m; sourceTree = "<group>"; };
		F87A39DB178ACD2B00E763E5 /* SBJsonWriter.h */ = {isa = PBXFileReference; fileEncoding = 4; lastKnownFileType = sourcecode.c.h; path = SBJsonWriter.h; sourceTree = "<group>"; };
		F87A39DC178ACD2B00E763E5 /* SBJsonWriter.m */ = {isa = PBXFileReference; fileEncoding = 4; lastKnownFileType = sourcecode.c.objc; path = SBJsonWriter.m; sourceTree = "<group>"; };
		F87A39DE178ACD2B00E763E5 /* NSDate+DateFormatter.h */ = {isa = PBXFileReference; fileEncoding = 4; lastKnownFileType = sourcecode.c.h; path = "NSDate+DateFormatter.h"; sourceTree = "<group>"; };
		F87A39DF178ACD2B00E763E5 /* NSDate+DateFormatter.m */ = {isa = PBXFileReference; fileEncoding = 4; lastKnownFileType = sourcecode.c.objc; path = "NSDate+DateFormatter.m"; sourceTree = "<group>"; };
		F87A39E0178ACD2B00E763E5 /* NSDictionary+ADAdditions.m */ = {isa = PBXFileReference; fileEncoding = 4; lastKnownFileType = sourcecode.c.objc; path = "NSDictionary+ADAdditions.m"; sourceTree = "<group>"; };
		F87A39E2178ACD2B00E763E5 /* arrow.png */ = {isa = PBXFileReference; lastKnownFileType = image.png; path = arrow.png; sourceTree = "<group>"; };
		F87A39E3178ACD2B00E763E5 /* arrow@2x.png */ = {isa = PBXFileReference; lastKnownFileType = image.png; path = "arrow@2x.png"; sourceTree = "<group>"; };
		F87A39E4178ACD2B00E763E5 /* PullToRefreshView.h */ = {isa = PBXFileReference; fileEncoding = 4; lastKnownFileType = sourcecode.c.h; path = PullToRefreshView.h; sourceTree = "<group>"; };
		F87A39E5178ACD2B00E763E5 /* PullToRefreshView.m */ = {isa = PBXFileReference; fileEncoding = 4; lastKnownFileType = sourcecode.c.objc; path = PullToRefreshView.m; sourceTree = "<group>"; };
		F87A39F5178AD28100E763E5 /* QuartzCore.framework */ = {isa = PBXFileReference; lastKnownFileType = wrapper.framework; name = QuartzCore.framework; path = System/Library/Frameworks/QuartzCore.framework; sourceTree = SDKROOT; };
		F87A39F7178AD28700E763E5 /* CFNetwork.framework */ = {isa = PBXFileReference; lastKnownFileType = wrapper.framework; name = CFNetwork.framework; path = System/Library/Frameworks/CFNetwork.framework; sourceTree = SDKROOT; };
		F87A39F9178AD29000E763E5 /* SystemConfiguration.framework */ = {isa = PBXFileReference; lastKnownFileType = wrapper.framework; name = SystemConfiguration.framework; path = System/Library/Frameworks/SystemConfiguration.framework; sourceTree = SDKROOT; };
		F87A39FB178AD4AC00E763E5 /* MobileCoreServices.framework */ = {isa = PBXFileReference; lastKnownFileType = wrapper.framework; name = MobileCoreServices.framework; path = System/Library/Frameworks/MobileCoreServices.framework; sourceTree = SDKROOT; };
		F87A39FE178AD5D100E763E5 /* MBProgressHUD.h */ = {isa = PBXFileReference; fileEncoding = 4; lastKnownFileType = sourcecode.c.h; path = MBProgressHUD.h; sourceTree = "<group>"; };
		F87A39FF178AD5D100E763E5 /* MBProgressHUD.m */ = {isa = PBXFileReference; fileEncoding = 4; lastKnownFileType = sourcecode.c.objc; path = MBProgressHUD.m; sourceTree = "<group>"; };
		F87A3A01178AD6CC00E763E5 /* Reachability.h */ = {isa = PBXFileReference; fileEncoding = 4; lastKnownFileType = sourcecode.c.h; path = Reachability.h; sourceTree = "<group>"; };
		F87A3A02178AD6CC00E763E5 /* Reachability.m */ = {isa = PBXFileReference; fileEncoding = 4; lastKnownFileType = sourcecode.c.objc; path = Reachability.m; sourceTree = "<group>"; };
		F87A3A04178AD8C000E763E5 /* top_nav.png */ = {isa = PBXFileReference; lastKnownFileType = image.png; path = top_nav.png; sourceTree = "<group>"; };
		F87A3A05178AD8C000E763E5 /* top_nav@2x.png */ = {isa = PBXFileReference; lastKnownFileType = image.png; path = "top_nav@2x.png"; sourceTree = "<group>"; };
		F87A3A09178ADA4000E763E5 /* DilnyViewController.h */ = {isa = PBXFileReference; fileEncoding = 4; lastKnownFileType = sourcecode.c.h; path = DilnyViewController.h; sourceTree = "<group>"; };
		F87A3A0A178ADA4000E763E5 /* DilnyViewController.m */ = {isa = PBXFileReference; fileEncoding = 4; lastKnownFileType = sourcecode.c.objc; path = DilnyViewController.m; sourceTree = "<group>"; };
		F87A3A0B178ADA4000E763E5 /* DilnyViewController.xib */ = {isa = PBXFileReference; fileEncoding = 4; lastKnownFileType = file.xib; path = DilnyViewController.xib; sourceTree = "<group>"; };
		F87A3A10178AE6E000E763E5 /* atm.png */ = {isa = PBXFileReference; lastKnownFileType = image.png; path = atm.png; sourceTree = "<group>"; };
		F87A3A11178AE6E000E763E5 /* balloon_overlay_bg_selector.xml */ = {isa = PBXFileReference; fileEncoding = 4; lastKnownFileType = text.xml; path = balloon_overlay_bg_selector.xml; sourceTree = "<group>"; };
		F87A3A12178AE6E000E763E5 /* bank.png */ = {isa = PBXFileReference; lastKnownFileType = image.png; path = bank.png; sourceTree = "<group>"; };
		F87A3A13178AE6E000E763E5 /* bg_striped.xml */ = {isa = PBXFileReference; fileEncoding = 4; lastKnownFileType = text.xml; path = bg_striped.xml; sourceTree = "<group>"; };
		F87A3A14178AE6E000E763E5 /* bg_striped_split.xml */ = {isa = PBXFileReference; fileEncoding = 4; lastKnownFileType = text.xml; path = bg_striped_split.xml; sourceTree = "<group>"; };
		F87A3A15178AE6E000E763E5 /* car.png */ = {isa = PBXFileReference; lastKnownFileType = image.png; path = car.png; sourceTree = "<group>"; };
		F87A3A16178AE6E000E763E5 /* carrental.png */ = {isa = PBXFileReference; lastKnownFileType = image.png; path = carrental.png; sourceTree = "<group>"; };
		F87A3A17178AE6E000E763E5 /* coffee.png */ = {isa = PBXFileReference; lastKnownFileType = image.png; path = coffee.png; sourceTree = "<group>"; };
		F87A3A18178AE6E000E763E5 /* diving.png */ = {isa = PBXFileReference; lastKnownFileType = image.png; path = diving.png; sourceTree = "<group>"; };
		F87A3A19178AE6E000E763E5 /* doctor.png */ = {isa = PBXFileReference; lastKnownFileType = image.png; path = doctor.png; sourceTree = "<group>"; };
		F87A3A1A178AE6E000E763E5 /* gazstation.png */ = {isa = PBXFileReference; lastKnownFileType = image.png; path = gazstation.png; sourceTree = "<group>"; };
		F87A3A1B178AE6E000E763E5 /* hotel.png */ = {isa = PBXFileReference; lastKnownFileType = image.png; path = hotel.png; sourceTree = "<group>"; };
		F87A3A1C178AE6E000E763E5 /* hotel4stars.png */ = {isa = PBXFileReference; lastKnownFileType = image.png; path = hotel4stars.png; sourceTree = "<group>"; };
		F87A3A1D178AE6E000E763E5 /* hunting.png */ = {isa = PBXFileReference; lastKnownFileType = image.png; path = hunting.png; sourceTree = "<group>"; };
		F87A3A1E178AE6E000E763E5 /* ic_launcher.png */ = {isa = PBXFileReference; lastKnownFileType = image.png; path = ic_launcher.png; sourceTree = "<group>"; };
		F87A3A1F178AE6E000E763E5 /* iwaseet.ipa */ = {isa = PBXFileReference; lastKnownFileType = file; path = iwaseet.ipa; sourceTree = "<group>"; };
		F87A3A20178AE6E000E763E5 /* out.png */ = {isa = PBXFileReference; lastKnownFileType = image.png; path = out.png; sourceTree = "<group>"; };
		F87A3A21178AE6E000E763E5 /* personalwatercraft.png */ = {isa = PBXFileReference; lastKnownFileType = image.png; path = personalwatercraft.png; sourceTree = "<group>"; };
		F87A3A22178AE6E000E763E5 /* restaurant.png */ = {isa = PBXFileReference; lastKnownFileType = image.png; path = restaurant.png; sourceTree = "<group>"; };
		F87A3A23178AE6E000E763E5 /* restaurantitalian.png */ = {isa = PBXFileReference; lastKnownFileType = image.png; path = restaurantitalian.png; sourceTree = "<group>"; };
		F87A3A24178AE6E000E763E5 /* supermarket.png */ = {isa = PBXFileReference; lastKnownFileType = image.png; path = supermarket.png; sourceTree = "<group>"; };
		F87A3A29178AE6E100E763E5 /* balloon_disclosure.png */ = {isa = PBXFileReference; lastKnownFileType = image.png; path = balloon_disclosure.png; sourceTree = "<group>"; };
		F87A3A2A178AE6E100E763E5 /* balloon_overlay_close.png */ = {isa = PBXFileReference; lastKnownFileType = image.png; path = balloon_overlay_close.png; sourceTree = "<group>"; };
		F87A3A2B178AE6E100E763E5 /* balloon_overlay_focused.9.png */ = {isa = PBXFileReference; lastKnownFileType = image.png; path = balloon_overlay_focused.9.png; sourceTree = "<group>"; };
		F87A3A2C178AE6E100E763E5 /* balloon_overlay_unfocused.9.png */ = {isa = PBXFileReference; lastKnownFileType = image.png; path = balloon_overlay_unfocused.9.png; sourceTree = "<group>"; };
		F87A3A2D178AE6E100E763E5 /* bg_striped_img.png */ = {isa = PBXFileReference; lastKnownFileType = image.png; path = bg_striped_img.png; sourceTree = "<group>"; };
		F87A3A2E178AE6E100E763E5 /* bg_striped_split_img.png */ = {isa = PBXFileReference; lastKnownFileType = image.png; path = bg_striped_split_img.png; sourceTree = "<group>"; };
		F87A3A30178AE6E100E763E5 /* ic_call.png */ = {isa = PBXFileReference; lastKnownFileType = image.png; path = ic_call.png; sourceTree = "<group>"; };
		F87A3A31178AE6E100E763E5 /* ic_current_location.png */ = {isa = PBXFileReference; lastKnownFileType = image.png; path = ic_current_location.png; sourceTree = "<group>"; };
		F87A3A32178AE6E100E763E5 /* ic_done.png */ = {isa = PBXFileReference; lastKnownFileType = image.png; path = ic_done.png; sourceTree = "<group>"; };
		F87A3A33178AE6E100E763E5 /* ic_error.png */ = {isa = PBXFileReference; lastKnownFileType = image.png; path = ic_error.png; sourceTree = "<group>"; };
		F87A3A36178AE6E100E763E5 /* ic_google_maps.png */ = {isa = PBXFileReference; lastKnownFileType = image.png; path = ic_google_maps.png; sourceTree = "<group>"; };
		F87A3A37178AE6E100E763E5 /* ic_launcher.png */ = {isa = PBXFileReference; lastKnownFileType = image.png; path = ic_launcher.png; sourceTree = "<group>"; };
		F87A3A38178AE6E100E763E5 /* ic_location.png */ = {isa = PBXFileReference; lastKnownFileType = image.png; path = ic_location.png; sourceTree = "<group>"; };
		F87A3A39178AE6E100E763E5 /* ic_map.png */ = {isa = PBXFileReference; lastKnownFileType = image.png; path = ic_map.png; sourceTree = "<group>"; };
		F87A3A3A178AE6E100E763E5 /* ic_map_inverse.png */ = {isa = PBXFileReference; lastKnownFileType = image.png; path = ic_map_inverse.png; sourceTree = "<group>"; };
		F87A3A3B178AE6E100E763E5 /* ic_refresh.png */ = {isa = PBXFileReference; lastKnownFileType = image.png; path = ic_refresh.png; sourceTree = "<group>"; };
		F87A3A3C178AE6E100E763E5 /* ic_refresh_inverse.png */ = {isa = PBXFileReference; lastKnownFileType = image.png; path = ic_refresh_inverse.png; sourceTree = "<group>"; };
		F87A3A3D178AE6E100E763E5 /* ic_search.png */ = {isa = PBXFileReference; lastKnownFileType = image.png; path = ic_search.png; sourceTree = "<group>"; };
		F87A3A3E178AE6E100E763E5 /* ic_search_inverse.png */ = {isa = PBXFileReference; lastKnownFileType = image.png; path = ic_search_inverse.png; sourceTree = "<group>"; };
		F87A3A3F178AE6E100E763E5 /* ic_share.jpeg */ = {isa = PBXFileReference; lastKnownFileType = image.jpeg; path = ic_share.jpeg; sourceTree = "<group>"; };
		F87A3A40178AE6E100E763E5 /* ic_sigin.png */ = {isa = PBXFileReference; lastKnownFileType = image.png; path = ic_sigin.png; sourceTree = "<group>"; };
		F87A3A41178AE6E100E763E5 /* icon1.png */ = {isa = PBXFileReference; lastKnownFileType = image.png; path = icon1.png; sourceTree = "<group>"; };
		F87A3A42178AE6E100E763E5 /* icon1_in.png */ = {isa = PBXFileReference; lastKnownFileType = image.png; path = icon1_in.png; sourceTree = "<group>"; };
		F87A3A43178AE6E100E763E5 /* icon2.png */ = {isa = PBXFileReference; lastKnownFileType = image.png; path = icon2.png; sourceTree = "<group>"; };
		F87A3A44178AE6E100E763E5 /* icon2_in.png */ = {isa = PBXFileReference; lastKnownFileType = image.png; path = icon2_in.png; sourceTree = "<group>"; };
		F87A3A45178AE6E100E763E5 /* icon3.png */ = {isa = PBXFileReference; lastKnownFileType = image.png; path = icon3.png; sourceTree = "<group>"; };
		F87A3A46178AE6E100E763E5 /* icon3_in.png */ = {isa = PBXFileReference; lastKnownFileType = image.png; path = icon3_in.png; sourceTree = "<group>"; };
		F87A3A47178AE6E100E763E5 /* icon4.png */ = {isa = PBXFileReference; lastKnownFileType = image.png; path = icon4.png; sourceTree = "<group>"; };
		F87A3A48178AE6E100E763E5 /* icon4_in.png */ = {isa = PBXFileReference; lastKnownFileType = image.png; path = icon4_in.png; sourceTree = "<group>"; };
		F87A3A49178AE6E100E763E5 /* info.png */ = {isa = PBXFileReference; lastKnownFileType = image.png; path = info.png; sourceTree = "<group>"; };
		F87A3A4A178AE6E100E763E5 /* info_in.png */ = {isa = PBXFileReference; lastKnownFileType = image.png; path = info_in.png; sourceTree = "<group>"; };
		F87A3A4C178AE6E100E763E5 /* marker_current.png */ = {isa = PBXFileReference; lastKnownFileType = image.png; path = marker_current.png; sourceTree = "<group>"; };
		F87A3A4D178AE6E100E763E5 /* marker_place.png */ = {isa = PBXFileReference; lastKnownFileType = image.png; path = marker_place.png; sourceTree = "<group>"; };
		F87A3A4F178AE6E100E763E5 /* splash.png */ = {isa = PBXFileReference; lastKnownFileType = image.png; path = splash.png; sourceTree = "<group>"; };
		F87A3A50178AE6E100E763E5 /* yahia.png */ = {isa = PBXFileReference; lastKnownFileType = image.png; path = yahia.png; sourceTree = "<group>"; };
		F87A3A52178AE6E100E763E5 /* ic_launcher.png */ = {isa = PBXFileReference; lastKnownFileType = image.png; path = ic_launcher.png; sourceTree = "<group>"; };
		F87A3A54178AE6E100E763E5 /* bg_striped_img.png */ = {isa = PBXFileReference; lastKnownFileType = image.png; path = bg_striped_img.png; sourceTree = "<group>"; };
		F87A3A55178AE6E100E763E5 /* bg_striped_split_img.png */ = {isa = PBXFileReference; lastKnownFileType = image.png; path = bg_striped_split_img.png; sourceTree = "<group>"; };
		F87A3A56178AE6E100E763E5 /* ic_call.png */ = {isa = PBXFileReference; lastKnownFileType = image.png; path = ic_call.png; sourceTree = "<group>"; };
		F87A3A57178AE6E100E763E5 /* ic_done.png */ = {isa = PBXFileReference; lastKnownFileType = image.png; path = ic_done.png; sourceTree = "<group>"; };
		F87A3A58178AE6E100E763E5 /* ic_error.png */ = {isa = PBXFileReference; lastKnownFileType = image.png; path = ic_error.png; sourceTree = "<group>"; };
		F87A3A59178AE6E100E763E5 /* ic_favo27px.png */ = {isa = PBXFileReference; lastKnownFileType = image.png; path = ic_favo27px.png; sourceTree = "<group>"; };
		F87A3A5A178AE6E100E763E5 /* ic_favo_in27px.png */ = {isa = PBXFileReference; lastKnownFileType = image.png; path = ic_favo_in27px.png; sourceTree = "<group>"; };
		F87A3A5B178AE6E100E763E5 /* ic_google_maps.png */ = {isa = PBXFileReference; lastKnownFileType = image.png; path = ic_google_maps.png; sourceTree = "<group>"; };
		F87A3A5C178AE6E100E763E5 /* ic_launcher.png */ = {isa = PBXFileReference; lastKnownFileType = image.png; path = ic_launcher.png; sourceTree = "<group>"; };
		F87A3A5D178AE6E100E763E5 /* ic_location.png */ = {isa = PBXFileReference; lastKnownFileType = image.png; path = ic_location.png; sourceTree = "<group>"; };
		F87A3A5E178AE6E100E763E5 /* ic_refresh.png */ = {isa = PBXFileReference; lastKnownFileType = image.png; path = ic_refresh.png; sourceTree = "<group>"; };
		F87A3A5F178AE6E100E763E5 /* ic_refresh_inverse.png */ = {isa = PBXFileReference; lastKnownFileType = image.png; path = ic_refresh_inverse.png; sourceTree = "<group>"; };
		F87A3A60178AE6E100E763E5 /* ic_search.png */ = {isa = PBXFileReference; lastKnownFileType = image.png; path = ic_search.png; sourceTree = "<group>"; };
		F87A3A61178AE6E100E763E5 /* ic_search_inverse.png */ = {isa = PBXFileReference; lastKnownFileType = image.png; path = ic_search_inverse.png; sourceTree = "<group>"; };
		F87A3A62178AE6E100E763E5 /* ic_share.jpeg */ = {isa = PBXFileReference; lastKnownFileType = image.jpeg; path = ic_share.jpeg; sourceTree = "<group>"; };
		F87A3A63178AE6E100E763E5 /* ic_sigin.png */ = {isa = PBXFileReference; lastKnownFileType = image.png; path = ic_sigin.png; sourceTree = "<group>"; };
		F87A3A64178AE6E100E763E5 /* ic_signup.gif */ = {isa = PBXFileReference; lastKnownFileType = image.gif; path = ic_signup.gif; sourceTree = "<group>"; };
		F88162DE17BF4529007F3AE9 /* AFHTTPClient.h */ = {isa = PBXFileReference; fileEncoding = 4; lastKnownFileType = sourcecode.c.h; path = AFHTTPClient.h; sourceTree = "<group>"; };
		F88162DF17BF4529007F3AE9 /* AFHTTPClient.m */ = {isa = PBXFileReference; fileEncoding = 4; lastKnownFileType = sourcecode.c.objc; path = AFHTTPClient.m; sourceTree = "<group>"; };
		F88162E017BF4529007F3AE9 /* AFHTTPRequestOperation.h */ = {isa = PBXFileReference; fileEncoding = 4; lastKnownFileType = sourcecode.c.h; path = AFHTTPRequestOperation.h; sourceTree = "<group>"; };
		F88162E117BF4529007F3AE9 /* AFHTTPRequestOperation.m */ = {isa = PBXFileReference; fileEncoding = 4; lastKnownFileType = sourcecode.c.objc; path = AFHTTPRequestOperation.m; sourceTree = "<group>"; };
		F88162E217BF4529007F3AE9 /* AFImageRequestOperation.h */ = {isa = PBXFileReference; fileEncoding = 4; lastKnownFileType = sourcecode.c.h; path = AFImageRequestOperation.h; sourceTree = "<group>"; };
		F88162E317BF4529007F3AE9 /* AFImageRequestOperation.m */ = {isa = PBXFileReference; fileEncoding = 4; lastKnownFileType = sourcecode.c.objc; path = AFImageRequestOperation.m; sourceTree = "<group>"; };
		F88162E417BF4529007F3AE9 /* AFJSONRequestOperation.h */ = {isa = PBXFileReference; fileEncoding = 4; lastKnownFileType = sourcecode.c.h; path = AFJSONRequestOperation.h; sourceTree = "<group>"; };
		F88162E517BF4529007F3AE9 /* AFJSONRequestOperation.m */ = {isa = PBXFileReference; fileEncoding = 4; lastKnownFileType = sourcecode.c.objc; path = AFJSONRequestOperation.m; sourceTree = "<group>"; };
		F88162E617BF4529007F3AE9 /* AFNetworkActivityIndicatorManager.h */ = {isa = PBXFileReference; fileEncoding = 4; lastKnownFileType = sourcecode.c.h; path = AFNetworkActivityIndicatorManager.h; sourceTree = "<group>"; };
		F88162E717BF4529007F3AE9 /* AFNetworkActivityIndicatorManager.m */ = {isa = PBXFileReference; fileEncoding = 4; lastKnownFileType = sourcecode.c.objc; path = AFNetworkActivityIndicatorManager.m; sourceTree = "<group>"; };
		F88162E817BF4529007F3AE9 /* AFNetworking.h */ = {isa = PBXFileReference; fileEncoding = 4; lastKnownFileType = sourcecode.c.h; path = AFNetworking.h; sourceTree = "<group>"; };
		F88162E917BF4529007F3AE9 /* AFPropertyListRequestOperation.h */ = {isa = PBXFileReference; fileEncoding = 4; lastKnownFileType = sourcecode.c.h; path = AFPropertyListRequestOperation.h; sourceTree = "<group>"; };
		F88162EA17BF4529007F3AE9 /* AFPropertyListRequestOperation.m */ = {isa = PBXFileReference; fileEncoding = 4; lastKnownFileType = sourcecode.c.objc; path = AFPropertyListRequestOperation.m; sourceTree = "<group>"; };
		F88162EB17BF4529007F3AE9 /* AFURLConnectionOperation.h */ = {isa = PBXFileReference; fileEncoding = 4; lastKnownFileType = sourcecode.c.h; path = AFURLConnectionOperation.h; sourceTree = "<group>"; };
		F88162EC17BF4529007F3AE9 /* AFURLConnectionOperation.m */ = {isa = PBXFileReference; fileEncoding = 4; lastKnownFileType = sourcecode.c.objc; path = AFURLConnectionOperation.m; sourceTree = "<group>"; };
		F88162ED17BF4529007F3AE9 /* AFXMLRequestOperation.h */ = {isa = PBXFileReference; fileEncoding = 4; lastKnownFileType = sourcecode.c.h; path = AFXMLRequestOperation.h; sourceTree = "<group>"; };
		F88162EE17BF4529007F3AE9 /* AFXMLRequestOperation.m */ = {isa = PBXFileReference; fileEncoding = 4; lastKnownFileType = sourcecode.c.objc; path = AFXMLRequestOperation.m; sourceTree = "<group>"; };
		F88162EF17BF4529007F3AE9 /* UIImageView+AFNetworking.h */ = {isa = PBXFileReference; fileEncoding = 4; lastKnownFileType = sourcecode.c.h; path = "UIImageView+AFNetworking.h"; sourceTree = "<group>"; };
		F88162F017BF4529007F3AE9 /* UIImageView+AFNetworking.m */ = {isa = PBXFileReference; fileEncoding = 4; lastKnownFileType = sourcecode.c.objc; path = "UIImageView+AFNetworking.m"; sourceTree = "<group>"; };
		F88162FA17BF47E1007F3AE9 /* ADBaseCaller.h */ = {isa = PBXFileReference; fileEncoding = 4; lastKnownFileType = sourcecode.c.h; path = ADBaseCaller.h; sourceTree = "<group>"; };
		F88162FB17BF47E1007F3AE9 /* ADBaseCaller.m */ = {isa = PBXFileReference; fileEncoding = 4; lastKnownFileType = sourcecode.c.objc; path = ADBaseCaller.m; sourceTree = "<group>"; };
		F88162FD17BF4959007F3AE9 /* ADCategoryCaller.h */ = {isa = PBXFileReference; fileEncoding = 4; lastKnownFileType = sourcecode.c.h; path = ADCategoryCaller.h; sourceTree = "<group>"; };
		F88162FE17BF4959007F3AE9 /* ADCategoryCaller.m */ = {isa = PBXFileReference; fileEncoding = 4; lastKnownFileType = sourcecode.c.objc; path = ADCategoryCaller.m; sourceTree = "<group>"; };
		F881630017BF4B2E007F3AE9 /* ADCategoryViewController.h */ = {isa = PBXFileReference; fileEncoding = 4; lastKnownFileType = sourcecode.c.h; path = ADCategoryViewController.h; sourceTree = "<group>"; };
		F881630117BF4B2E007F3AE9 /* ADCategoryViewController.m */ = {isa = PBXFileReference; fileEncoding = 4; lastKnownFileType = sourcecode.c.objc; path = ADCategoryViewController.m; sourceTree = "<group>"; };
		F881630217BF4B2E007F3AE9 /* ADCategoryViewController.xib */ = {isa = PBXFileReference; fileEncoding = 4; lastKnownFileType = file.xib; path = ADCategoryViewController.xib; sourceTree = "<group>"; };
		F881630617BF4C7A007F3AE9 /* Security.framework */ = {isa = PBXFileReference; lastKnownFileType = wrapper.framework; name = Security.framework; path = System/Library/Frameworks/Security.framework; sourceTree = SDKROOT; };
		F881630817BF4E36007F3AE9 /* ADCategory.h */ = {isa = PBXFileReference; fileEncoding = 4; lastKnownFileType = sourcecode.c.h; path = ADCategory.h; sourceTree = "<group>"; };
		F881630917BF4E36007F3AE9 /* ADCategory.m */ = {isa = PBXFileReference; fileEncoding = 4; lastKnownFileType = sourcecode.c.objc; path = ADCategory.m; sourceTree = "<group>"; };
		F881630C17BF56B9007F3AE9 /* ADCategoryCell.h */ = {isa = PBXFileReference; fileEncoding = 4; lastKnownFileType = sourcecode.c.h; path = ADCategoryCell.h; sourceTree = "<group>"; };
		F881630D17BF56B9007F3AE9 /* ADCategoryCell.m */ = {isa = PBXFileReference; fileEncoding = 4; lastKnownFileType = sourcecode.c.objc; path = ADCategoryCell.m; sourceTree = "<group>"; };
		F881630F17BF56CA007F3AE9 /* ADCategoryCell.xib */ = {isa = PBXFileReference; fileEncoding = 4; lastKnownFileType = file.xib; path = ADCategoryCell.xib; sourceTree = "<group>"; };
		F881631217BF5771007F3AE9 /* AsyncImageView.h */ = {isa = PBXFileReference; fileEncoding = 4; lastKnownFileType = sourcecode.c.h; path = AsyncImageView.h; sourceTree = "<group>"; };
		F881631317BF5771007F3AE9 /* AsyncImageView.m */ = {isa = PBXFileReference; fileEncoding = 4; lastKnownFileType = sourcecode.c.objc; path = AsyncImageView.m; sourceTree = "<group>"; };
		F881631417BF5771007F3AE9 /* UIImage+Resize.h */ = {isa = PBXFileReference; fileEncoding = 4; lastKnownFileType = sourcecode.c.h; path = "UIImage+Resize.h"; sourceTree = "<group>"; };
		F881631517BF5771007F3AE9 /* UIImage+Resize.m */ = {isa = PBXFileReference; fileEncoding = 4; lastKnownFileType = sourcecode.c.objc; path = "UIImage+Resize.m"; sourceTree = "<group>"; };
		F8B3D6A817D028C300DA5FE6 /* ADAboutViewController.h */ = {isa = PBXFileReference; fileEncoding = 4; lastKnownFileType = sourcecode.c.h; path = ADAboutViewController.h; sourceTree = "<group>"; };
		F8B3D6A917D028C300DA5FE6 /* ADAboutViewController.m */ = {isa = PBXFileReference; fileEncoding = 4; lastKnownFileType = sourcecode.c.objc; path = ADAboutViewController.m; sourceTree = "<group>"; };
		F8B3D6AA17D028C300DA5FE6 /* ADAboutViewController.xib */ = {isa = PBXFileReference; fileEncoding = 4; lastKnownFileType = file.xib; path = ADAboutViewController.xib; sourceTree = "<group>"; };
		F8B3D6AE17D02DCE00DA5FE6 /* about_app_face.png */ = {isa = PBXFileReference; lastKnownFileType = image.png; path = about_app_face.png; sourceTree = "<group>"; };
		F8B3D6AF17D02DCE00DA5FE6 /* about_app_twitter.png */ = {isa = PBXFileReference; lastKnownFileType = image.png; path = about_app_twitter.png; sourceTree = "<group>"; };
		F8B3D6B017D02DCE00DA5FE6 /* about_app.png */ = {isa = PBXFileReference; lastKnownFileType = image.png; path = about_app.png; sourceTree = "<group>"; };
		F8B3D6B117D02DCE00DA5FE6 /* etqan_site_image.png */ = {isa = PBXFileReference; lastKnownFileType = image.png; path = etqan_site_image.png; sourceTree = "<group>"; };
		F8B3D6B217D02DCF00DA5FE6 /* mail.png */ = {isa = PBXFileReference; lastKnownFileType = image.png; path = mail.png; sourceTree = "<group>"; };
		F8B3D6B317D02DCF00DA5FE6 /* site.png */ = {isa = PBXFileReference; lastKnownFileType = image.png; path = site.png; sourceTree = "<group>"; };
		F8B3D6B417D02DCF00DA5FE6 /* etqan_site_image@2x.png */ = {isa = PBXFileReference; lastKnownFileType = image.png; path = "etqan_site_image@2x.png"; sourceTree = "<group>"; };
		F8B3D6B517D02DCF00DA5FE6 /* about_app@2x.png */ = {isa = PBXFileReference; lastKnownFileType = image.png; path = "about_app@2x.png"; sourceTree = "<group>"; };
		F8B3D6B617D02DD000DA5FE6 /* mail@2x.png */ = {isa = PBXFileReference; lastKnownFileType = image.png; path = "mail@2x.png"; sourceTree = "<group>"; };
		F8B3D6B717D02DD000DA5FE6 /* about_app_twitter@2x.png */ = {isa = PBXFileReference; lastKnownFileType = image.png; path = "about_app_twitter@2x.png"; sourceTree = "<group>"; };
		F8B3D6B817D02DD000DA5FE6 /* about_app_face@2x.png */ = {isa = PBXFileReference; lastKnownFileType = image.png; path = "about_app_face@2x.png"; sourceTree = "<group>"; };
		F8B3D6B917D02DD000DA5FE6 /* site@2x.png */ = {isa = PBXFileReference; lastKnownFileType = image.png; path = "site@2x.png"; sourceTree = "<group>"; };
		F8B3D6C617D02FCA00DA5FE6 /* MessageUI.framework */ = {isa = PBXFileReference; lastKnownFileType = wrapper.framework; name = MessageUI.framework; path = System/Library/Frameworks/MessageUI.framework; sourceTree = SDKROOT; };
		F8B3D6C817D032D000DA5FE6 /* ADWebViewController.xib */ = {isa = PBXFileReference; fileEncoding = 4; lastKnownFileType = file.xib; path = ADWebViewController.xib; sourceTree = "<group>"; };
		F8B3D6C917D032D000DA5FE6 /* ADWebViewController.m */ = {isa = PBXFileReference; fileEncoding = 4; lastKnownFileType = sourcecode.c.objc; path = ADWebViewController.m; sourceTree = "<group>"; };
		F8B3D6CA17D032D000DA5FE6 /* ADWebViewController.h */ = {isa = PBXFileReference; fileEncoding = 4; lastKnownFileType = sourcecode.c.h; path = ADWebViewController.h; sourceTree = "<group>"; };
		F8B3D6CE17D0340700DA5FE6 /* back.png */ = {isa = PBXFileReference; lastKnownFileType = image.png; path = back.png; sourceTree = "<group>"; };
/* End PBXFileReference section */

/* Begin PBXFrameworksBuildPhase section */
		F87A399B178ACB8100E763E5 /* Frameworks */ = {
			isa = PBXFrameworksBuildPhase;
			buildActionMask = 2147483647;
			files = (
				F8B3D6C717D02FCB00DA5FE6 /* MessageUI.framework in Frameworks */,
				F84DD27B17BF8B8F001E57FB /* CoreLocation.framework in Frameworks */,
				F881630717BF4C7A007F3AE9 /* Security.framework in Frameworks */,
				F87A39FC178AD4AC00E763E5 /* MobileCoreServices.framework in Frameworks */,
				F87A39FA178AD29000E763E5 /* SystemConfiguration.framework in Frameworks */,
				F87A39F8178AD28700E763E5 /* CFNetwork.framework in Frameworks */,
				F87A39F6178AD28100E763E5 /* QuartzCore.framework in Frameworks */,
				F87A39A2178ACB8100E763E5 /* UIKit.framework in Frameworks */,
				F87A39A4178ACB8100E763E5 /* Foundation.framework in Frameworks */,
				F87A39A6178ACB8100E763E5 /* CoreGraphics.framework in Frameworks */,
			);
			runOnlyForDeploymentPostprocessing = 0;
		};
/* End PBXFrameworksBuildPhase section */

/* Begin PBXGroup section */
		F84DD27917BF8971001E57FB /* ListViewController */ = {
			isa = PBXGroup;
			children = (
				F84DD27417BF896D001E57FB /* ADListViewController.h */,
				F84DD27517BF896D001E57FB /* ADListViewController.m */,
				F84DD27617BF896D001E57FB /* ADListViewController.xib */,
			);
			name = ListViewController;
			sourceTree = "<group>";
		};
		F84DD28917BF9D67001E57FB /* DetailViewController */ = {
			isa = PBXGroup;
			children = (
				F84DD28417BF9D63001E57FB /* ADDetailViewController.h */,
				F84DD28517BF9D63001E57FB /* ADDetailViewController.m */,
				F84DD28617BF9D63001E57FB /* ADDetailViewController.xib */,
			);
			name = DetailViewController;
			sourceTree = "<group>";
		};
		F87A3995178ACB8100E763E5 = {
			isa = PBXGroup;
			children = (
				F87A39A7178ACB8100E763E5 /* Dilny */,
				F87A39A0178ACB8100E763E5 /* Frameworks */,
				F87A399F178ACB8100E763E5 /* Products */,
			);
			sourceTree = "<group>";
		};
		F87A399F178ACB8100E763E5 /* Products */ = {
			isa = PBXGroup;
			children = (
				F87A399E178ACB8100E763E5 /* Dilny.app */,
			);
			name = Products;
			sourceTree = "<group>";
		};
		F87A39A0178ACB8100E763E5 /* Frameworks */ = {
			isa = PBXGroup;
			children = (
				F8B3D6C617D02FCA00DA5FE6 /* MessageUI.framework */,
				F84DD27A17BF8B8F001E57FB /* CoreLocation.framework */,
				F881630617BF4C7A007F3AE9 /* Security.framework */,
				F87A39FB178AD4AC00E763E5 /* MobileCoreServices.framework */,
				F87A39F9178AD29000E763E5 /* SystemConfiguration.framework */,
				F87A39F7178AD28700E763E5 /* CFNetwork.framework */,
				F87A39F5178AD28100E763E5 /* QuartzCore.framework */,
				F87A39A1178ACB8100E763E5 /* UIKit.framework */,
				F87A39A3178ACB8100E763E5 /* Foundation.framework */,
				F87A39A5178ACB8100E763E5 /* CoreGraphics.framework */,
			);
			name = Frameworks;
			sourceTree = "<group>";
		};
		F87A39A7178ACB8100E763E5 /* Dilny */ = {
			isa = PBXGroup;
			children = (
				F87A39C8178ACC0000E763E5 /* Entities */,
				F87A39C9178ACC0000E763E5 /* Data Model */,
				F87A39C4178ACB9500E763E5 /* App */,
				F881630B17BF5695007F3AE9 /* Custom Views */,
				F87A39C7178ACBCB00E763E5 /* Controllers */,
				F87A39C5178ACBCB00E763E5 /* Other Resources */,
				F87A39C6178ACBCB00E763E5 /* Images */,
				F87A39A8178ACB8100E763E5 /* Supporting Files */,
			);
			path = Dilny;
			sourceTree = "<group>";
		};
		F87A39A8178ACB8100E763E5 /* Supporting Files */ = {
			isa = PBXGroup;
			children = (
				F87A39A9178ACB8100E763E5 /* Dilny-Info.plist */,
				F87A39AA178ACB8100E763E5 /* InfoPlist.strings */,
				F87A39AD178ACB8100E763E5 /* main.m */,
				F87A39AF178ACB8100E763E5 /* Dilny-Prefix.pch */,
				F87A39B3178ACB8100E763E5 /* Default.png */,
				F87A39B5178ACB8100E763E5 /* Default@2x.png */,
				F87A39B7178ACB8100E763E5 /* Default-568h@2x.png */,
			);
			name = "Supporting Files";
			sourceTree = "<group>";
		};
		F87A39C4178ACB9500E763E5 /* App */ = {
			isa = PBXGroup;
			children = (
				F87A39B0178ACB8100E763E5 /* AppDelegate.h */,
				F87A39B1178ACB8100E763E5 /* AppDelegate.m */,
				F87A39CE178ACD2B00E763E5 /* Constant.h */,
			);
			name = App;
			sourceTree = "<group>";
		};
		F87A39C5178ACBCB00E763E5 /* Other Resources */ = {
			isa = PBXGroup;
			children = (
				F881631117BF5771007F3AE9 /* Asyc */,
				F88162DD17BF4529007F3AE9 /* AFNetworking */,
				F87A39FD178AD56C00E763E5 /* MBProgresshud */,
				F87A39CF178ACD2B00E763E5 /* JSON */,
				F87A39E1178ACD2B00E763E5 /* PullToRefresh */,
				F87A39E6178ACD2B00E763E5 /* Reachability */,
				F84DD26E17BF814B001E57FB /* LocationManager.h */,
				F84DD26F17BF814B001E57FB /* LocationManager.m */,
				F87A39DE178ACD2B00E763E5 /* NSDate+DateFormatter.h */,
				F87A39DF178ACD2B00E763E5 /* NSDate+DateFormatter.m */,
				F87A39CD178ACD2B00E763E5 /* NSDictionary+ADAdditions.h */,
				F87A39E0178ACD2B00E763E5 /* NSDictionary+ADAdditions.m */,
			);
			path = "Other Resources";
			sourceTree = "<group>";
		};
		F87A39C6178ACBCB00E763E5 /* Images */ = {
			isa = PBXGroup;
			children = (
				F8B3D6CE17D0340700DA5FE6 /* back.png */,
				F8B3D6AE17D02DCE00DA5FE6 /* about_app_face.png */,
				F8B3D6AF17D02DCE00DA5FE6 /* about_app_twitter.png */,
				F8B3D6B017D02DCE00DA5FE6 /* about_app.png */,
				F8B3D6B117D02DCE00DA5FE6 /* etqan_site_image.png */,
				F8B3D6B217D02DCF00DA5FE6 /* mail.png */,
				F8B3D6B317D02DCF00DA5FE6 /* site.png */,
				F8B3D6B417D02DCF00DA5FE6 /* etqan_site_image@2x.png */,
				F8B3D6B517D02DCF00DA5FE6 /* about_app@2x.png */,
				F8B3D6B617D02DD000DA5FE6 /* mail@2x.png */,
				F8B3D6B717D02DD000DA5FE6 /* about_app_twitter@2x.png */,
				F8B3D6B817D02DD000DA5FE6 /* about_app_face@2x.png */,
				F8B3D6B917D02DD000DA5FE6 /* site@2x.png */,
				F8596F5617BFC3B100B31984 /* ic_favo_in.png */,
				F8596F5717BFC3B100B31984 /* ic_favo.png */,
				F8596F5817BFC3B100B31984 /* bg.png */,
				F8596F5917BFC3B100B31984 /* bg@2x.png */,
				F8596F5A17BFC3B100B31984 /* white_bg.png */,
				F8596F5B17BFC3B100B31984 /* white_bg@2x.png */,
				F8596F5C17BFC3B100B31984 /* ic_favo_in@2x.png */,
				F8596F5D17BFC3B100B31984 /* ic_favo@2x.png */,
				F87A3A0F178AE6E000E763E5 /* drawable */,
				F87A3A25178AE6E000E763E5 /* drawable-hdpi */,
				F87A3A51178AE6E100E763E5 /* drawable-ldpi */,
				F87A3A53178AE6E100E763E5 /* drawable-mdpi */,
				F87A3A04178AD8C000E763E5 /* top_nav.png */,
				F87A3A05178AD8C000E763E5 /* top_nav@2x.png */,
			);
			path = Images;
			sourceTree = "<group>";
		};
		F87A39C7178ACBCB00E763E5 /* Controllers */ = {
			isa = PBXGroup;
			children = (
				F87A3A08178ADA1800E763E5 /* BaseViewController */,
				F87A3A0E178ADA4500E763E5 /* DilnyViewController */,
				F881630517BF4B34007F3AE9 /* CategoryViewController */,
				F84DD27917BF8971001E57FB /* ListViewController */,
				F84DD28917BF9D67001E57FB /* DetailViewController */,
				F8B3D6AD17D028C900DA5FE6 /* AboutViewController */,
				F8B3D6CD17D032E600DA5FE6 /* WebViewController */,
			);
			path = Controllers;
			sourceTree = "<group>";
		};
		F87A39C8178ACC0000E763E5 /* Entities */ = {
			isa = PBXGroup;
			children = (
				F881630817BF4E36007F3AE9 /* ADCategory.h */,
				F881630917BF4E36007F3AE9 /* ADCategory.m */,
				F84DD27C17BF8E84001E57FB /* ADItem.h */,
				F84DD27D17BF8E84001E57FB /* ADItem.m */,
			);
			path = Entities;
			sourceTree = "<group>";
		};
		F87A39C9178ACC0000E763E5 /* Data Model */ = {
			isa = PBXGroup;
			children = (
				F88162FA17BF47E1007F3AE9 /* ADBaseCaller.h */,
				F88162FB17BF47E1007F3AE9 /* ADBaseCaller.m */,
				F88162FD17BF4959007F3AE9 /* ADCategoryCaller.h */,
				F88162FE17BF4959007F3AE9 /* ADCategoryCaller.m */,
				F84DD27117BF8598001E57FB /* ADListCaller.h */,
				F84DD27217BF8598001E57FB /* ADListCaller.m */,
			);
			path = "Data Model";
			sourceTree = "<group>";
		};
		F87A39CF178ACD2B00E763E5 /* JSON */ = {
			isa = PBXGroup;
			children = (
				F87A39D0178ACD2B00E763E5 /* JSON.h */,
				F87A39D1178ACD2B00E763E5 /* NSObject+SBJSON.h */,
				F87A39D2178ACD2B00E763E5 /* NSObject+SBJSON.m */,
				F87A39D3178ACD2B00E763E5 /* NSString+SBJSON.h */,
				F87A39D4178ACD2B00E763E5 /* NSString+SBJSON.m */,
				F87A39D5178ACD2B00E763E5 /* SBJSON.h */,
				F87A39D6178ACD2B00E763E5 /* SBJSON.m */,
				F87A39D7178ACD2B00E763E5 /* SBJsonBase.h */,
				F87A39D8178ACD2B00E763E5 /* SBJsonBase.m */,
				F87A39D9178ACD2B00E763E5 /* SBJsonParser.h */,
				F87A39DA178ACD2B00E763E5 /* SBJsonParser.m */,
				F87A39DB178ACD2B00E763E5 /* SBJsonWriter.h */,
				F87A39DC178ACD2B00E763E5 /* SBJsonWriter.m */,
			);
			path = JSON;
			sourceTree = "<group>";
		};
		F87A39E1178ACD2B00E763E5 /* PullToRefresh */ = {
			isa = PBXGroup;
			children = (
				F87A39E2178ACD2B00E763E5 /* arrow.png */,
				F87A39E3178ACD2B00E763E5 /* arrow@2x.png */,
				F87A39E4178ACD2B00E763E5 /* PullToRefreshView.h */,
				F87A39E5178ACD2B00E763E5 /* PullToRefreshView.m */,
			);
			path = PullToRefresh;
			sourceTree = "<group>";
		};
		F87A39E6178ACD2B00E763E5 /* Reachability */ = {
			isa = PBXGroup;
			children = (
				F87A3A01178AD6CC00E763E5 /* Reachability.h */,
				F87A3A02178AD6CC00E763E5 /* Reachability.m */,
			);
			path = Reachability;
			sourceTree = "<group>";
		};
		F87A39FD178AD56C00E763E5 /* MBProgresshud */ = {
			isa = PBXGroup;
			children = (
				F87A39FE178AD5D100E763E5 /* MBProgressHUD.h */,
				F87A39FF178AD5D100E763E5 /* MBProgressHUD.m */,
			);
			path = MBProgresshud;
			sourceTree = "<group>";
		};
		F87A3A08178ADA1800E763E5 /* BaseViewController */ = {
			isa = PBXGroup;
			children = (
				F87A39CB178ACCB900E763E5 /* ADBaseViewController.h */,
				F87A39CA178ACCB900E763E5 /* ADBaseViewController.m */,
			);
			name = BaseViewController;
			sourceTree = "<group>";
		};
		F87A3A0E178ADA4500E763E5 /* DilnyViewController */ = {
			isa = PBXGroup;
			children = (
				F87A3A09178ADA4000E763E5 /* DilnyViewController.h */,
				F87A3A0A178ADA4000E763E5 /* DilnyViewController.m */,
				F87A3A0B178ADA4000E763E5 /* DilnyViewController.xib */,
			);
			name = DilnyViewController;
			sourceTree = "<group>";
		};
		F87A3A0F178AE6E000E763E5 /* drawable */ = {
			isa = PBXGroup;
			children = (
				F87A3A10178AE6E000E763E5 /* atm.png */,
				F87A3A11178AE6E000E763E5 /* balloon_overlay_bg_selector.xml */,
				F87A3A12178AE6E000E763E5 /* bank.png */,
				F87A3A13178AE6E000E763E5 /* bg_striped.xml */,
				F87A3A14178AE6E000E763E5 /* bg_striped_split.xml */,
				F87A3A15178AE6E000E763E5 /* car.png */,
				F87A3A16178AE6E000E763E5 /* carrental.png */,
				F87A3A17178AE6E000E763E5 /* coffee.png */,
				F87A3A18178AE6E000E763E5 /* diving.png */,
				F87A3A19178AE6E000E763E5 /* doctor.png */,
				F87A3A1A178AE6E000E763E5 /* gazstation.png */,
				F87A3A1B178AE6E000E763E5 /* hotel.png */,
				F87A3A1C178AE6E000E763E5 /* hotel4stars.png */,
				F87A3A1D178AE6E000E763E5 /* hunting.png */,
				F87A3A1E178AE6E000E763E5 /* ic_launcher.png */,
				F87A3A1F178AE6E000E763E5 /* iwaseet.ipa */,
				F87A3A20178AE6E000E763E5 /* out.png */,
				F87A3A21178AE6E000E763E5 /* personalwatercraft.png */,
				F87A3A22178AE6E000E763E5 /* restaurant.png */,
				F87A3A23178AE6E000E763E5 /* restaurantitalian.png */,
				F87A3A24178AE6E000E763E5 /* supermarket.png */,
			);
			path = drawable;
			sourceTree = "<group>";
		};
		F87A3A25178AE6E000E763E5 /* drawable-hdpi */ = {
			isa = PBXGroup;
			children = (
				F87A3A29178AE6E100E763E5 /* balloon_disclosure.png */,
				F87A3A2A178AE6E100E763E5 /* balloon_overlay_close.png */,
				F87A3A2B178AE6E100E763E5 /* balloon_overlay_focused.9.png */,
				F87A3A2C178AE6E100E763E5 /* balloon_overlay_unfocused.9.png */,
				F87A3A2D178AE6E100E763E5 /* bg_striped_img.png */,
				F87A3A2E178AE6E100E763E5 /* bg_striped_split_img.png */,
				F87A3A30178AE6E100E763E5 /* ic_call.png */,
				F87A3A31178AE6E100E763E5 /* ic_current_location.png */,
				F87A3A32178AE6E100E763E5 /* ic_done.png */,
				F87A3A33178AE6E100E763E5 /* ic_error.png */,
				F87A3A36178AE6E100E763E5 /* ic_google_maps.png */,
				F87A3A37178AE6E100E763E5 /* ic_launcher.png */,
				F87A3A38178AE6E100E763E5 /* ic_location.png */,
				F87A3A39178AE6E100E763E5 /* ic_map.png */,
				F87A3A3A178AE6E100E763E5 /* ic_map_inverse.png */,
				F87A3A3B178AE6E100E763E5 /* ic_refresh.png */,
				F87A3A3C178AE6E100E763E5 /* ic_refresh_inverse.png */,
				F87A3A3D178AE6E100E763E5 /* ic_search.png */,
				F87A3A3E178AE6E100E763E5 /* ic_search_inverse.png */,
				F87A3A3F178AE6E100E763E5 /* ic_share.jpeg */,
				F87A3A40178AE6E100E763E5 /* ic_sigin.png */,
				F87A3A41178AE6E100E763E5 /* icon1.png */,
				F87A3A42178AE6E100E763E5 /* icon1_in.png */,
				F87A3A43178AE6E100E763E5 /* icon2.png */,
				F87A3A44178AE6E100E763E5 /* icon2_in.png */,
				F87A3A45178AE6E100E763E5 /* icon3.png */,
				F87A3A46178AE6E100E763E5 /* icon3_in.png */,
				F87A3A47178AE6E100E763E5 /* icon4.png */,
				F87A3A48178AE6E100E763E5 /* icon4_in.png */,
				F87A3A49178AE6E100E763E5 /* info.png */,
				F87A3A4A178AE6E100E763E5 /* info_in.png */,
				F87A3A4C178AE6E100E763E5 /* marker_current.png */,
				F87A3A4D178AE6E100E763E5 /* marker_place.png */,
				F87A3A4F178AE6E100E763E5 /* splash.png */,
				F87A3A50178AE6E100E763E5 /* yahia.png */,
			);
			path = "drawable-hdpi";
			sourceTree = "<group>";
		};
		F87A3A51178AE6E100E763E5 /* drawable-ldpi */ = {
			isa = PBXGroup;
			children = (
				F87A3A52178AE6E100E763E5 /* ic_launcher.png */,
			);
			path = "drawable-ldpi";
			sourceTree = "<group>";
		};
		F87A3A53178AE6E100E763E5 /* drawable-mdpi */ = {
			isa = PBXGroup;
			children = (
				F87A3A54178AE6E100E763E5 /* bg_striped_img.png */,
				F87A3A55178AE6E100E763E5 /* bg_striped_split_img.png */,
				F87A3A56178AE6E100E763E5 /* ic_call.png */,
				F87A3A57178AE6E100E763E5 /* ic_done.png */,
				F87A3A58178AE6E100E763E5 /* ic_error.png */,
				F87A3A59178AE6E100E763E5 /* ic_favo27px.png */,
				F87A3A5A178AE6E100E763E5 /* ic_favo_in27px.png */,
				F87A3A5B178AE6E100E763E5 /* ic_google_maps.png */,
				F87A3A5C178AE6E100E763E5 /* ic_launcher.png */,
				F87A3A5D178AE6E100E763E5 /* ic_location.png */,
				F87A3A5E178AE6E100E763E5 /* ic_refresh.png */,
				F87A3A5F178AE6E100E763E5 /* ic_refresh_inverse.png */,
				F87A3A60178AE6E100E763E5 /* ic_search.png */,
				F87A3A61178AE6E100E763E5 /* ic_search_inverse.png */,
				F87A3A62178AE6E100E763E5 /* ic_share.jpeg */,
				F87A3A63178AE6E100E763E5 /* ic_sigin.png */,
				F87A3A64178AE6E100E763E5 /* ic_signup.gif */,
			);
			path = "drawable-mdpi";
			sourceTree = "<group>";
		};
		F88162DD17BF4529007F3AE9 /* AFNetworking */ = {
			isa = PBXGroup;
			children = (
				F88162DE17BF4529007F3AE9 /* AFHTTPClient.h */,
				F88162DF17BF4529007F3AE9 /* AFHTTPClient.m */,
				F88162E017BF4529007F3AE9 /* AFHTTPRequestOperation.h */,
				F88162E117BF4529007F3AE9 /* AFHTTPRequestOperation.m */,
				F88162E217BF4529007F3AE9 /* AFImageRequestOperation.h */,
				F88162E317BF4529007F3AE9 /* AFImageRequestOperation.m */,
				F88162E417BF4529007F3AE9 /* AFJSONRequestOperation.h */,
				F88162E517BF4529007F3AE9 /* AFJSONRequestOperation.m */,
				F88162E617BF4529007F3AE9 /* AFNetworkActivityIndicatorManager.h */,
				F88162E717BF4529007F3AE9 /* AFNetworkActivityIndicatorManager.m */,
				F88162E817BF4529007F3AE9 /* AFNetworking.h */,
				F88162E917BF4529007F3AE9 /* AFPropertyListRequestOperation.h */,
				F88162EA17BF4529007F3AE9 /* AFPropertyListRequestOperation.m */,
				F88162EB17BF4529007F3AE9 /* AFURLConnectionOperation.h */,
				F88162EC17BF4529007F3AE9 /* AFURLConnectionOperation.m */,
				F88162ED17BF4529007F3AE9 /* AFXMLRequestOperation.h */,
				F88162EE17BF4529007F3AE9 /* AFXMLRequestOperation.m */,
				F88162EF17BF4529007F3AE9 /* UIImageView+AFNetworking.h */,
				F88162F017BF4529007F3AE9 /* UIImageView+AFNetworking.m */,
			);
			path = AFNetworking;
			sourceTree = "<group>";
		};
		F881630517BF4B34007F3AE9 /* CategoryViewController */ = {
			isa = PBXGroup;
			children = (
				F881630017BF4B2E007F3AE9 /* ADCategoryViewController.h */,
				F881630117BF4B2E007F3AE9 /* ADCategoryViewController.m */,
				F881630217BF4B2E007F3AE9 /* ADCategoryViewController.xib */,
			);
			name = CategoryViewController;
			sourceTree = "<group>";
		};
		F881630B17BF5695007F3AE9 /* Custom Views */ = {
			isa = PBXGroup;
			children = (
				F825852517BFE10D00054B21 /* ADLoadingViewCell.h */,
				F825852617BFE10D00054B21 /* ADLoadingViewCell.m */,
				F825852417BFE10D00054B21 /* ADLoadingViewCell.xib */,
				F881630C17BF56B9007F3AE9 /* ADCategoryCell.h */,
				F881630D17BF56B9007F3AE9 /* ADCategoryCell.m */,
				F881630F17BF56CA007F3AE9 /* ADCategoryCell.xib */,
				F84DD27F17BF94EC001E57FB /* ADItemCell.h */,
				F84DD28017BF94EC001E57FB /* ADItemCell.m */,
				F84DD28217BF950F001E57FB /* ADItemCell.xib */,
			);
			path = "Custom Views";
			sourceTree = "<group>";
		};
		F881631117BF5771007F3AE9 /* Asyc */ = {
			isa = PBXGroup;
			children = (
				F881631217BF5771007F3AE9 /* AsyncImageView.h */,
				F881631317BF5771007F3AE9 /* AsyncImageView.m */,
				F881631417BF5771007F3AE9 /* UIImage+Resize.h */,
				F881631517BF5771007F3AE9 /* UIImage+Resize.m */,
			);
			path = Asyc;
			sourceTree = "<group>";
		};
		F8B3D6AD17D028C900DA5FE6 /* AboutViewController */ = {
			isa = PBXGroup;
			children = (
				F8B3D6A817D028C300DA5FE6 /* ADAboutViewController.h */,
				F8B3D6A917D028C300DA5FE6 /* ADAboutViewController.m */,
				F8B3D6AA17D028C300DA5FE6 /* ADAboutViewController.xib */,
			);
			name = AboutViewController;
			sourceTree = "<group>";
		};
		F8B3D6CD17D032E600DA5FE6 /* WebViewController */ = {
			isa = PBXGroup;
			children = (
				F8B3D6CA17D032D000DA5FE6 /* ADWebViewController.h */,
				F8B3D6C917D032D000DA5FE6 /* ADWebViewController.m */,
				F8B3D6C817D032D000DA5FE6 /* ADWebViewController.xib */,
			);
			name = WebViewController;
			sourceTree = "<group>";
		};
/* End PBXGroup section */

/* Begin PBXNativeTarget section */
		F87A399D178ACB8100E763E5 /* Dilny */ = {
			isa = PBXNativeTarget;
			buildConfigurationList = F87A39C1178ACB8100E763E5 /* Build configuration list for PBXNativeTarget "Dilny" */;
			buildPhases = (
				F87A399A178ACB8100E763E5 /* Sources */,
				F87A399B178ACB8100E763E5 /* Frameworks */,
				F87A399C178ACB8100E763E5 /* Resources */,
			);
			buildRules = (
			);
			dependencies = (
			);
			name = Dilny;
			productName = Dilny;
			productReference = F87A399E178ACB8100E763E5 /* Dilny.app */;
			productType = "com.apple.product-type.application";
		};
/* End PBXNativeTarget section */

/* Begin PBXProject section */
		F87A3996178ACB8100E763E5 /* Project object */ = {
			isa = PBXProject;
			attributes = {
				LastUpgradeCheck = 0460;
				ORGANIZATIONNAME = "Adnan Siddiq";
			};
			buildConfigurationList = F87A3999178ACB8100E763E5 /* Build configuration list for PBXProject "Dilny" */;
			compatibilityVersion = "Xcode 3.2";
			developmentRegion = English;
			hasScannedForEncodings = 0;
			knownRegions = (
				en,
			);
			mainGroup = F87A3995178ACB8100E763E5;
			productRefGroup = F87A399F178ACB8100E763E5 /* Products */;
			projectDirPath = "";
			projectRoot = "";
			targets = (
				F87A399D178ACB8100E763E5 /* Dilny */,
			);
		};
/* End PBXProject section */

/* Begin PBXResourcesBuildPhase section */
		F87A399C178ACB8100E763E5 /* Resources */ = {
			isa = PBXResourcesBuildPhase;
			buildActionMask = 2147483647;
			files = (
				F87A39AC178ACB8100E763E5 /* InfoPlist.strings in Resources */,
				F87A39B4178ACB8100E763E5 /* Default.png in Resources */,
				F87A39B6178ACB8100E763E5 /* Default@2x.png in Resources */,
				F87A39B8178ACB8100E763E5 /* Default-568h@2x.png in Resources */,
				F87A39F1178ACD2B00E763E5 /* arrow.png in Resources */,
				F87A39F2178ACD2B00E763E5 /* arrow@2x.png in Resources */,
				F87A3A06178AD8C000E763E5 /* top_nav.png in Resources */,
				F87A3A07178AD8C000E763E5 /* top_nav@2x.png in Resources */,
				F87A3A0D178ADA4000E763E5 /* DilnyViewController.xib in Resources */,
				F87A3A67178AE6E100E763E5 /* atm.png in Resources */,
				F87A3A68178AE6E100E763E5 /* balloon_overlay_bg_selector.xml in Resources */,
				F87A3A69178AE6E100E763E5 /* bank.png in Resources */,
				F87A3A6A178AE6E100E763E5 /* bg_striped.xml in Resources */,
				F87A3A6B178AE6E100E763E5 /* bg_striped_split.xml in Resources */,
				F87A3A6C178AE6E100E763E5 /* car.png in Resources */,
				F87A3A6D178AE6E100E763E5 /* carrental.png in Resources */,
				F87A3A6E178AE6E100E763E5 /* coffee.png in Resources */,
				F87A3A6F178AE6E100E763E5 /* diving.png in Resources */,
				F87A3A70178AE6E100E763E5 /* doctor.png in Resources */,
				F87A3A71178AE6E100E763E5 /* gazstation.png in Resources */,
				F87A3A72178AE6E100E763E5 /* hotel.png in Resources */,
				F87A3A73178AE6E100E763E5 /* hotel4stars.png in Resources */,
				F87A3A74178AE6E100E763E5 /* hunting.png in Resources */,
				F87A3A75178AE6E100E763E5 /* ic_launcher.png in Resources */,
				F87A3A76178AE6E100E763E5 /* iwaseet.ipa in Resources */,
				F87A3A77178AE6E100E763E5 /* out.png in Resources */,
				F87A3A78178AE6E100E763E5 /* personalwatercraft.png in Resources */,
				F87A3A79178AE6E100E763E5 /* restaurant.png in Resources */,
				F87A3A7A178AE6E100E763E5 /* restaurantitalian.png in Resources */,
				F87A3A7B178AE6E100E763E5 /* supermarket.png in Resources */,
				F87A3A7F178AE6E100E763E5 /* balloon_disclosure.png in Resources */,
				F87A3A80178AE6E100E763E5 /* balloon_overlay_close.png in Resources */,
				F87A3A81178AE6E100E763E5 /* balloon_overlay_focused.9.png in Resources */,
				F87A3A82178AE6E100E763E5 /* balloon_overlay_unfocused.9.png in Resources */,
				F87A3A83178AE6E100E763E5 /* bg_striped_img.png in Resources */,
				F87A3A84178AE6E100E763E5 /* bg_striped_split_img.png in Resources */,
				F87A3A86178AE6E100E763E5 /* ic_call.png in Resources */,
				F87A3A87178AE6E100E763E5 /* ic_current_location.png in Resources */,
				F87A3A88178AE6E100E763E5 /* ic_done.png in Resources */,
				F87A3A89178AE6E100E763E5 /* ic_error.png in Resources */,
				F87A3A8C178AE6E100E763E5 /* ic_google_maps.png in Resources */,
				F87A3A8D178AE6E100E763E5 /* ic_launcher.png in Resources */,
				F87A3A8E178AE6E100E763E5 /* ic_location.png in Resources */,
				F87A3A8F178AE6E100E763E5 /* ic_map.png in Resources */,
				F87A3A90178AE6E100E763E5 /* ic_map_inverse.png in Resources */,
				F87A3A91178AE6E100E763E5 /* ic_refresh.png in Resources */,
				F87A3A92178AE6E100E763E5 /* ic_refresh_inverse.png in Resources */,
				F87A3A93178AE6E100E763E5 /* ic_search.png in Resources */,
				F87A3A94178AE6E100E763E5 /* ic_search_inverse.png in Resources */,
				F87A3A95178AE6E100E763E5 /* ic_share.jpeg in Resources */,
				F87A3A96178AE6E100E763E5 /* ic_sigin.png in Resources */,
				F87A3A97178AE6E100E763E5 /* icon1.png in Resources */,
				F87A3A98178AE6E100E763E5 /* icon1_in.png in Resources */,
				F87A3A99178AE6E100E763E5 /* icon2.png in Resources */,
				F87A3A9A178AE6E100E763E5 /* icon2_in.png in Resources */,
				F87A3A9B178AE6E100E763E5 /* icon3.png in Resources */,
				F87A3A9C178AE6E100E763E5 /* icon3_in.png in Resources */,
				F87A3A9D178AE6E100E763E5 /* icon4.png in Resources */,
				F87A3A9E178AE6E100E763E5 /* icon4_in.png in Resources */,
				F87A3A9F178AE6E100E763E5 /* info.png in Resources */,
				F87A3AA0178AE6E100E763E5 /* info_in.png in Resources */,
				F87A3AA2178AE6E100E763E5 /* marker_current.png in Resources */,
				F87A3AA3178AE6E100E763E5 /* marker_place.png in Resources */,
				F87A3AA5178AE6E100E763E5 /* splash.png in Resources */,
				F87A3AA6178AE6E100E763E5 /* yahia.png in Resources */,
				F87A3AA7178AE6E100E763E5 /* ic_launcher.png in Resources */,
				F87A3AA8178AE6E100E763E5 /* bg_striped_img.png in Resources */,
				F87A3AA9178AE6E100E763E5 /* bg_striped_split_img.png in Resources */,
				F87A3AAA178AE6E100E763E5 /* ic_call.png in Resources */,
				F87A3AAB178AE6E100E763E5 /* ic_done.png in Resources */,
				F87A3AAC178AE6E100E763E5 /* ic_error.png in Resources */,
				F87A3AAD178AE6E100E763E5 /* ic_favo27px.png in Resources */,
				F87A3AAE178AE6E100E763E5 /* ic_favo_in27px.png in Resources */,
				F87A3AAF178AE6E100E763E5 /* ic_google_maps.png in Resources */,
				F87A3AB0178AE6E100E763E5 /* ic_launcher.png in Resources */,
				F87A3AB1178AE6E100E763E5 /* ic_location.png in Resources */,
				F87A3AB2178AE6E100E763E5 /* ic_refresh.png in Resources */,
				F87A3AB3178AE6E100E763E5 /* ic_refresh_inverse.png in Resources */,
				F87A3AB4178AE6E100E763E5 /* ic_search.png in Resources */,
				F87A3AB5178AE6E100E763E5 /* ic_search_inverse.png in Resources */,
				F87A3AB6178AE6E100E763E5 /* ic_share.jpeg in Resources */,
				F87A3AB7178AE6E100E763E5 /* ic_sigin.png in Resources */,
				F87A3AB8178AE6E100E763E5 /* ic_signup.gif in Resources */,
				F881630417BF4B2E007F3AE9 /* ADCategoryViewController.xib in Resources */,
				F881631017BF56CA007F3AE9 /* ADCategoryCell.xib in Resources */,
				F84DD27817BF896D001E57FB /* ADListViewController.xib in Resources */,
				F84DD28317BF950F001E57FB /* ADItemCell.xib in Resources */,
				F84DD28817BF9D63001E57FB /* ADDetailViewController.xib in Resources */,
				F8596F5E17BFC3B100B31984 /* ic_favo_in.png in Resources */,
				F8596F5F17BFC3B100B31984 /* ic_favo.png in Resources */,
				F8596F6017BFC3B100B31984 /* bg.png in Resources */,
				F8596F6117BFC3B100B31984 /* bg@2x.png in Resources */,
				F8596F6217BFC3B100B31984 /* white_bg.png in Resources */,
				F8596F6317BFC3B100B31984 /* white_bg@2x.png in Resources */,
				F8596F6417BFC3B100B31984 /* ic_favo_in@2x.png in Resources */,
				F8596F6517BFC3B100B31984 /* ic_favo@2x.png in Resources */,
				F825852717BFE10D00054B21 /* ADLoadingViewCell.xib in Resources */,
				F8B3D6AC17D028C300DA5FE6 /* ADAboutViewController.xib in Resources */,
				F8B3D6BA17D02DD000DA5FE6 /* about_app_face.png in Resources */,
				F8B3D6BB17D02DD000DA5FE6 /* about_app_twitter.png in Resources */,
				F8B3D6BC17D02DD000DA5FE6 /* about_app.png in Resources */,
				F8B3D6BD17D02DD000DA5FE6 /* etqan_site_image.png in Resources */,
				F8B3D6BE17D02DD000DA5FE6 /* mail.png in Resources */,
				F8B3D6BF17D02DD000DA5FE6 /* site.png in Resources */,
				F8B3D6C017D02DD000DA5FE6 /* etqan_site_image@2x.png in Resources */,
				F8B3D6C117D02DD000DA5FE6 /* about_app@2x.png in Resources */,
				F8B3D6C217D02DD000DA5FE6 /* mail@2x.png in Resources */,
				F8B3D6C317D02DD000DA5FE6 /* about_app_twitter@2x.png in Resources */,
				F8B3D6C417D02DD000DA5FE6 /* about_app_face@2x.png in Resources */,
				F8B3D6C517D02DD000DA5FE6 /* site@2x.png in Resources */,
				F8B3D6CB17D032D000DA5FE6 /* ADWebViewController.xib in Resources */,
				F8B3D6CF17D0340800DA5FE6 /* back.png in Resources */,
			);
			runOnlyForDeploymentPostprocessing = 0;
		};
/* End PBXResourcesBuildPhase section */

/* Begin PBXSourcesBuildPhase section */
		F87A399A178ACB8100E763E5 /* Sources */ = {
			isa = PBXSourcesBuildPhase;
			buildActionMask = 2147483647;
			files = (
				F87A39AE178ACB8100E763E5 /* main.m in Sources */,
				F87A39B2178ACB8100E763E5 /* AppDelegate.m in Sources */,
				F87A39CC178ACCB900E763E5 /* ADBaseViewController.m in Sources */,
				F87A39E9178ACD2B00E763E5 /* NSObject+SBJSON.m in Sources */,
				F87A39EA178ACD2B00E763E5 /* NSString+SBJSON.m in Sources */,
				F87A39EB178ACD2B00E763E5 /* SBJSON.m in Sources */,
				F87A39EC178ACD2B00E763E5 /* SBJsonBase.m in Sources */,
				F87A39ED178ACD2B00E763E5 /* SBJsonParser.m in Sources */,
				F87A39EE178ACD2B00E763E5 /* SBJsonWriter.m in Sources */,
				F87A39EF178ACD2B00E763E5 /* NSDate+DateFormatter.m in Sources */,
				F87A39F0178ACD2B00E763E5 /* NSDictionary+ADAdditions.m in Sources */,
				F87A39F3178ACD2B00E763E5 /* PullToRefreshView.m in Sources */,
				F87A3A00178AD5D100E763E5 /* MBProgressHUD.m in Sources */,
				F87A3A03178AD6CC00E763E5 /* Reachability.m in Sources */,
				F87A3A0C178ADA4000E763E5 /* DilnyViewController.m in Sources */,
				F88162F117BF4529007F3AE9 /* AFHTTPClient.m in Sources */,
				F88162F217BF4529007F3AE9 /* AFHTTPRequestOperation.m in Sources */,
				F88162F317BF4529007F3AE9 /* AFImageRequestOperation.m in Sources */,
				F88162F417BF4529007F3AE9 /* AFJSONRequestOperation.m in Sources */,
				F88162F517BF4529007F3AE9 /* AFNetworkActivityIndicatorManager.m in Sources */,
				F88162F617BF4529007F3AE9 /* AFPropertyListRequestOperation.m in Sources */,
				F88162F717BF4529007F3AE9 /* AFURLConnectionOperation.m in Sources */,
				F88162F817BF4529007F3AE9 /* AFXMLRequestOperation.m in Sources */,
				F88162F917BF4529007F3AE9 /* UIImageView+AFNetworking.m in Sources */,
				F88162FC17BF47E1007F3AE9 /* ADBaseCaller.m in Sources */,
				F88162FF17BF4959007F3AE9 /* ADCategoryCaller.m in Sources */,
				F881630317BF4B2E007F3AE9 /* ADCategoryViewController.m in Sources */,
				F881630A17BF4E36007F3AE9 /* ADCategory.m in Sources */,
				F881630E17BF56B9007F3AE9 /* ADCategoryCell.m in Sources */,
				F881631617BF5771007F3AE9 /* AsyncImageView.m in Sources */,
				F881631717BF5771007F3AE9 /* UIImage+Resize.m in Sources */,
				F84DD27017BF814B001E57FB /* LocationManager.m in Sources */,
				F84DD27317BF8598001E57FB /* ADListCaller.m in Sources */,
				F84DD27717BF896D001E57FB /* ADListViewController.m in Sources */,
				F84DD27E17BF8E84001E57FB /* ADItem.m in Sources */,
				F84DD28117BF94EC001E57FB /* ADItemCell.m in Sources */,
				F84DD28717BF9D63001E57FB /* ADDetailViewController.m in Sources */,
				F825852817BFE10D00054B21 /* ADLoadingViewCell.m in Sources */,
				F8B3D6AB17D028C300DA5FE6 /* ADAboutViewController.m in Sources */,
				F8B3D6CC17D032D000DA5FE6 /* ADWebViewController.m in Sources */,
			);
			runOnlyForDeploymentPostprocessing = 0;
		};
/* End PBXSourcesBuildPhase section */

/* Begin PBXVariantGroup section */
		F87A39AA178ACB8100E763E5 /* InfoPlist.strings */ = {
			isa = PBXVariantGroup;
			children = (
				F87A39AB178ACB8100E763E5 /* en */,
			);
			name = InfoPlist.strings;
			sourceTree = "<group>";
		};
/* End PBXVariantGroup section */

/* Begin XCBuildConfiguration section */
		F87A39BF178ACB8100E763E5 /* Debug */ = {
			isa = XCBuildConfiguration;
			buildSettings = {
				ALWAYS_SEARCH_USER_PATHS = NO;
				CLANG_CXX_LANGUAGE_STANDARD = "gnu++0x";
				CLANG_CXX_LIBRARY = "libc++";
				CLANG_ENABLE_OBJC_ARC = YES;
				CLANG_WARN_CONSTANT_CONVERSION = YES;
				CLANG_WARN_EMPTY_BODY = YES;
				CLANG_WARN_ENUM_CONVERSION = YES;
				CLANG_WARN_INT_CONVERSION = YES;
				CLANG_WARN__DUPLICATE_METHOD_MATCH = YES;
				CODE_SIGN_IDENTITY = "iPhone Developer: dilny com (63ERGFWH6M)";
				COPY_PHASE_STRIP = NO;
				GCC_C_LANGUAGE_STANDARD = gnu99;
				GCC_DYNAMIC_NO_PIC = NO;
				GCC_OPTIMIZATION_LEVEL = 0;
				GCC_PREPROCESSOR_DEFINITIONS = (
					"DEBUG=1",
					"$(inherited)",
				);
				GCC_SYMBOLS_PRIVATE_EXTERN = NO;
				GCC_WARN_ABOUT_RETURN_TYPE = YES;
				GCC_WARN_UNINITIALIZED_AUTOS = YES;
				GCC_WARN_UNUSED_VARIABLE = YES;
				IPHONEOS_DEPLOYMENT_TARGET = 6.1;
				ONLY_ACTIVE_ARCH = YES;
				PROVISIONING_PROFILE = "";
				SDKROOT = iphoneos;
			};
			name = Debug;
		};
		F87A39C0178ACB8100E763E5 /* Release */ = {
			isa = XCBuildConfiguration;
			buildSettings = {
				ALWAYS_SEARCH_USER_PATHS = NO;
				CLANG_CXX_LANGUAGE_STANDARD = "gnu++0x";
				CLANG_CXX_LIBRARY = "libc++";
				CLANG_ENABLE_OBJC_ARC = YES;
				CLANG_WARN_CONSTANT_CONVERSION = YES;
				CLANG_WARN_EMPTY_BODY = YES;
				CLANG_WARN_ENUM_CONVERSION = YES;
				CLANG_WARN_INT_CONVERSION = YES;
				CLANG_WARN__DUPLICATE_METHOD_MATCH = YES;
				CODE_SIGN_IDENTITY = "iPhone Developer: dilny com (63ERGFWH6M)";
				COPY_PHASE_STRIP = YES;
				GCC_C_LANGUAGE_STANDARD = gnu99;
				GCC_WARN_ABOUT_RETURN_TYPE = YES;
				GCC_WARN_UNINITIALIZED_AUTOS = YES;
				GCC_WARN_UNUSED_VARIABLE = YES;
				IPHONEOS_DEPLOYMENT_TARGET = 6.1;
				OTHER_CFLAGS = "-DNS_BLOCK_ASSERTIONS=1";
				PROVISIONING_PROFILE = "";
				SDKROOT = iphoneos;
				VALIDATE_PRODUCT = YES;
			};
			name = Release;
		};
		F87A39C2178ACB8100E763E5 /* Debug */ = {
			isa = XCBuildConfiguration;
			buildSettings = {
				GCC_PRECOMPILE_PREFIX_HEADER = YES;
				GCC_PREFIX_HEADER = "Dilny/Dilny-Prefix.pch";
				INFOPLIST_FILE = "Dilny/Dilny-Info.plist";
				PRODUCT_NAME = "$(TARGET_NAME)";
				WRAPPER_EXTENSION = app;
			};
			name = Debug;
		};
		F87A39C3178ACB8100E763E5 /* Release */ = {
			isa = XCBuildConfiguration;
			buildSettings = {
				GCC_PRECOMPILE_PREFIX_HEADER = YES;
				GCC_PREFIX_HEADER = "Dilny/Dilny-Prefix.pch";
				INFOPLIST_FILE = "Dilny/Dilny-Info.plist";
				PRODUCT_NAME = "$(TARGET_NAME)";
				WRAPPER_EXTENSION = app;
			};
			name = Release;
		};
/* End XCBuildConfiguration section */

/* Begin XCConfigurationList section */
		F87A3999178ACB8100E763E5 /* Build configuration list for PBXProject "Dilny" */ = {
			isa = XCConfigurationList;
			buildConfigurations = (
				F87A39BF178ACB8100E763E5 /* Debug */,
				F87A39C0178ACB8100E763E5 /* Release */,
			);
			defaultConfigurationIsVisible = 0;
			defaultConfigurationName = Release;
		};
		F87A39C1178ACB8100E763E5 /* Build configuration list for PBXNativeTarget "Dilny" */ = {
			isa = XCConfigurationList;
			buildConfigurations = (
				F87A39C2178ACB8100E763E5 /* Debug */,
				F87A39C3178ACB8100E763E5 /* Release */,
			);
			defaultConfigurationIsVisible = 0;
			defaultConfigurationName = Release;
		};
/* End XCConfigurationList section */
	};
	rootObject = F87A3996178ACB8100E763E5 /* Project object */;
}
